// !$*UTF8*$!
{
	archiveVersion = 1;
	classes = {
	};
	objectVersion = 51;
	objects = {

/* Begin PBXBuildFile section */
		0642624788644FCA7A411315 /* Pods_PaymentApp_PaymentAppUITests.framework in Frameworks */ = {isa = PBXBuildFile; fileRef = AD9DD345E135C67B0F8073CE /* Pods_PaymentApp_PaymentAppUITests.framework */; };
		399560BCDB7AF65733DF2DD8 /* Pods_PaymentApp.framework in Frameworks */ = {isa = PBXBuildFile; fileRef = F079E585D409B9A29E9E939C /* Pods_PaymentApp.framework */; };
		4C42EDAA279A39EC00C13DD4 /* AppDelegate.swift in Sources */ = {isa = PBXBuildFile; fileRef = 4C42EDA9279A39EC00C13DD4 /* AppDelegate.swift */; };
		4C42EDAC279A39EC00C13DD4 /* SceneDelegate.swift in Sources */ = {isa = PBXBuildFile; fileRef = 4C42EDAB279A39EC00C13DD4 /* SceneDelegate.swift */; };
		4C42EDAE279A39EC00C13DD4 /* HomeView.swift in Sources */ = {isa = PBXBuildFile; fileRef = 4C42EDAD279A39EC00C13DD4 /* HomeView.swift */; };
		4C42EDB1279A39EC00C13DD4 /* HomeView.storyboard in Resources */ = {isa = PBXBuildFile; fileRef = 4C42EDAF279A39EC00C13DD4 /* HomeView.storyboard */; };
		4C42EDB3279A3A3400C13DD4 /* Assets.xcassets in Resources */ = {isa = PBXBuildFile; fileRef = 4C42EDB2279A3A3400C13DD4 /* Assets.xcassets */; };
		4C42EDB6279A3A3400C13DD4 /* LaunchScreen.storyboard in Resources */ = {isa = PBXBuildFile; fileRef = 4C42EDB4279A3A3400C13DD4 /* LaunchScreen.storyboard */; };
		4C42EDC1279A3A3600C13DD4 /* PaymentAppTests.swift in Sources */ = {isa = PBXBuildFile; fileRef = 4C42EDC0279A3A3600C13DD4 /* PaymentAppTests.swift */; };
		4C42EDCC279A3A3600C13DD4 /* PaymentAppUITests.swift in Sources */ = {isa = PBXBuildFile; fileRef = 4C42EDCB279A3A3600C13DD4 /* PaymentAppUITests.swift */; };
		4C42EDF3279A40AF00C13DD4 /* HomeViewModel.swift in Sources */ = {isa = PBXBuildFile; fileRef = 4C42EDF2279A40AF00C13DD4 /* HomeViewModel.swift */; };
		4C42EDF8279A40B600C13DD4 /* PaymentModel.swift in Sources */ = {isa = PBXBuildFile; fileRef = 4C42EDF7279A40B600C13DD4 /* PaymentModel.swift */; };
		4C42EE04279A67DC00C13DD4 /* PaymentMethodView.swift in Sources */ = {isa = PBXBuildFile; fileRef = 4C42EE03279A67DC00C13DD4 /* PaymentMethodView.swift */; };
		4C42EE09279A682300C13DD4 /* PaymentMethodView.storyboard in Resources */ = {isa = PBXBuildFile; fileRef = 4C42EE08279A682300C13DD4 /* PaymentMethodView.storyboard */; };
		4C42EE0E279B46A700C13DD4 /* PaymentMethodViewModel.swift in Sources */ = {isa = PBXBuildFile; fileRef = 4C42EE0D279B46A700C13DD4 /* PaymentMethodViewModel.swift */; };
		4C42EE13279B46C700C13DD4 /* PaymentMethodModel.swift in Sources */ = {isa = PBXBuildFile; fileRef = 4C42EE12279B46C700C13DD4 /* PaymentMethodModel.swift */; };
		4C42EE18279B48B000C13DD4 /* PaymentMethodViewCell.xib in Resources */ = {isa = PBXBuildFile; fileRef = 4C42EE17279B48B000C13DD4 /* PaymentMethodViewCell.xib */; };
		4C42EE20279B48D700C13DD4 /* PaymentMethodViewCell.swift in Sources */ = {isa = PBXBuildFile; fileRef = 4C42EE1F279B48D700C13DD4 /* PaymentMethodViewCell.swift */; };
		4C42EE54279B801400C13DD4 /* Paths.swift in Sources */ = {isa = PBXBuildFile; fileRef = 4C42EE53279B801400C13DD4 /* Paths.swift */; };
		4C42EE5F279B817600C13DD4 /* PaymentMethodService.swift in Sources */ = {isa = PBXBuildFile; fileRef = 4C42EE5E279B817600C13DD4 /* PaymentMethodService.swift */; };
		4C42EE64279B818100C13DD4 /* PaymentMethodPersistence.swift in Sources */ = {isa = PBXBuildFile; fileRef = 4C42EE63279B818100C13DD4 /* PaymentMethodPersistence.swift */; };
		4C42EE71279BA24B00C13DD4 /* CardIssuerView.swift in Sources */ = {isa = PBXBuildFile; fileRef = 4C42EE70279BA24B00C13DD4 /* CardIssuerView.swift */; };
		4C42EE79279BA28400C13DD4 /* CardIssuerView.storyboard in Resources */ = {isa = PBXBuildFile; fileRef = 4C42EE78279BA28400C13DD4 /* CardIssuerView.storyboard */; };
		4C42EE80279BA50100C13DD4 /* CardIssuerModel.swift in Sources */ = {isa = PBXBuildFile; fileRef = 4C42EE7F279BA50100C13DD4 /* CardIssuerModel.swift */; };
		4C42EE87279BA69800C13DD4 /* CardIssuerViewModel.swift in Sources */ = {isa = PBXBuildFile; fileRef = 4C42EE86279BA69800C13DD4 /* CardIssuerViewModel.swift */; };
		4C42EE8F279BA6AD00C13DD4 /* CardIssuerService.swift in Sources */ = {isa = PBXBuildFile; fileRef = 4C42EE8E279BA6AD00C13DD4 /* CardIssuerService.swift */; };
		4C42EE94279BA6BB00C13DD4 /* CardIssuerPersistance.swift in Sources */ = {isa = PBXBuildFile; fileRef = 4C42EE93279BA6BB00C13DD4 /* CardIssuerPersistance.swift */; };
		4C42EE99279BA8FD00C13DD4 /* CardIssuerViewCell.xib in Resources */ = {isa = PBXBuildFile; fileRef = 4C42EE98279BA8FD00C13DD4 /* CardIssuerViewCell.xib */; };
		4C42EE9E279BA92000C13DD4 /* CardIssuerViewCell.swift in Sources */ = {isa = PBXBuildFile; fileRef = 4C42EE9D279BA92000C13DD4 /* CardIssuerViewCell.swift */; };
		4C42EEC2279BB58E00C13DD4 /* InstallmentView.swift in Sources */ = {isa = PBXBuildFile; fileRef = 4C42EEC1279BB58E00C13DD4 /* InstallmentView.swift */; };
		4C42EECB279BB5CF00C13DD4 /* InstallmentView.storyboard in Resources */ = {isa = PBXBuildFile; fileRef = 4C42EECA279BB5CF00C13DD4 /* InstallmentView.storyboard */; };
		4CDF9843279CDD250031CFE7 /* InstallmentViewCell.swift in Sources */ = {isa = PBXBuildFile; fileRef = 4CDF9842279CDD250031CFE7 /* InstallmentViewCell.swift */; };
		4CDF984C279CE0320031CFE7 /* InstallmentViewCell.xib in Resources */ = {isa = PBXBuildFile; fileRef = 4CDF984B279CE0320031CFE7 /* InstallmentViewCell.xib */; };
		4CDF9852279CEB3D0031CFE7 /* InstallmentModel.swift in Sources */ = {isa = PBXBuildFile; fileRef = 4CDF9851279CEB3D0031CFE7 /* InstallmentModel.swift */; };
		4CDF9857279CEB910031CFE7 /* PayerCosts.swift in Sources */ = {isa = PBXBuildFile; fileRef = 4CDF9856279CEB910031CFE7 /* PayerCosts.swift */; };
		4CDF9860279CEC250031CFE7 /* InstallmentViewModel.swift in Sources */ = {isa = PBXBuildFile; fileRef = 4CDF985F279CEC250031CFE7 /* InstallmentViewModel.swift */; };
		4CDF9866279CEC3F0031CFE7 /* InstallmentService.swift in Sources */ = {isa = PBXBuildFile; fileRef = 4CDF9865279CEC3F0031CFE7 /* InstallmentService.swift */; };
		4CDF986E279CEC5A0031CFE7 /* InstallmentPersistance.swift in Sources */ = {isa = PBXBuildFile; fileRef = 4CDF986D279CEC5A0031CFE7 /* InstallmentPersistance.swift */; };
		94C19EE957489430D82C4413 /* Pods_PaymentAppTests.framework in Frameworks */ = {isa = PBXBuildFile; fileRef = 5EC9DBDEE21B4060C602DFDC /* Pods_PaymentAppTests.framework */; };
/* End PBXBuildFile section */

/* Begin PBXContainerItemProxy section */
		4C42EDBD279A3A3600C13DD4 /* PBXContainerItemProxy */ = {
			isa = PBXContainerItemProxy;
			containerPortal = 4C42ED9E279A39EB00C13DD4 /* Project object */;
			proxyType = 1;
			remoteGlobalIDString = 4C42EDA5279A39EB00C13DD4;
			remoteInfo = PaymentApp;
		};
		4C42EDC8279A3A3600C13DD4 /* PBXContainerItemProxy */ = {
			isa = PBXContainerItemProxy;
			containerPortal = 4C42ED9E279A39EB00C13DD4 /* Project object */;
			proxyType = 1;
			remoteGlobalIDString = 4C42EDA5279A39EB00C13DD4;
			remoteInfo = PaymentApp;
		};
/* End PBXContainerItemProxy section */

/* Begin PBXFileReference section */
		48DACB4C703301FCA92D579D /* Pods-PaymentApp.release.xcconfig */ = {isa = PBXFileReference; includeInIndex = 1; lastKnownFileType = text.xcconfig; name = "Pods-PaymentApp.release.xcconfig"; path = "Target Support Files/Pods-PaymentApp/Pods-PaymentApp.release.xcconfig"; sourceTree = "<group>"; };
		4C42EDA6279A39EB00C13DD4 /* PaymentApp.app */ = {isa = PBXFileReference; explicitFileType = wrapper.application; includeInIndex = 0; path = PaymentApp.app; sourceTree = BUILT_PRODUCTS_DIR; };
		4C42EDA9279A39EC00C13DD4 /* AppDelegate.swift */ = {isa = PBXFileReference; lastKnownFileType = sourcecode.swift; path = AppDelegate.swift; sourceTree = "<group>"; };
		4C42EDAB279A39EC00C13DD4 /* SceneDelegate.swift */ = {isa = PBXFileReference; lastKnownFileType = sourcecode.swift; path = SceneDelegate.swift; sourceTree = "<group>"; };
		4C42EDAD279A39EC00C13DD4 /* HomeView.swift */ = {isa = PBXFileReference; lastKnownFileType = sourcecode.swift; path = HomeView.swift; sourceTree = "<group>"; };
		4C42EDB0279A39EC00C13DD4 /* Base */ = {isa = PBXFileReference; lastKnownFileType = file.storyboard; name = Base; path = Base.lproj/HomeView.storyboard; sourceTree = "<group>"; };
		4C42EDB2279A3A3400C13DD4 /* Assets.xcassets */ = {isa = PBXFileReference; lastKnownFileType = folder.assetcatalog; path = Assets.xcassets; sourceTree = "<group>"; };
		4C42EDB5279A3A3400C13DD4 /* Base */ = {isa = PBXFileReference; lastKnownFileType = file.storyboard; name = Base; path = Base.lproj/LaunchScreen.storyboard; sourceTree = "<group>"; };
		4C42EDB7279A3A3400C13DD4 /* Info.plist */ = {isa = PBXFileReference; lastKnownFileType = text.plist.xml; path = Info.plist; sourceTree = "<group>"; };
		4C42EDBC279A3A3600C13DD4 /* PaymentAppTests.xctest */ = {isa = PBXFileReference; explicitFileType = wrapper.cfbundle; includeInIndex = 0; path = PaymentAppTests.xctest; sourceTree = BUILT_PRODUCTS_DIR; };
		4C42EDC0279A3A3600C13DD4 /* PaymentAppTests.swift */ = {isa = PBXFileReference; lastKnownFileType = sourcecode.swift; path = PaymentAppTests.swift; sourceTree = "<group>"; };
		4C42EDC2279A3A3600C13DD4 /* Info.plist */ = {isa = PBXFileReference; lastKnownFileType = text.plist.xml; path = Info.plist; sourceTree = "<group>"; };
		4C42EDC7279A3A3600C13DD4 /* PaymentAppUITests.xctest */ = {isa = PBXFileReference; explicitFileType = wrapper.cfbundle; includeInIndex = 0; path = PaymentAppUITests.xctest; sourceTree = BUILT_PRODUCTS_DIR; };
		4C42EDCB279A3A3600C13DD4 /* PaymentAppUITests.swift */ = {isa = PBXFileReference; lastKnownFileType = sourcecode.swift; path = PaymentAppUITests.swift; sourceTree = "<group>"; };
		4C42EDCD279A3A3600C13DD4 /* Info.plist */ = {isa = PBXFileReference; lastKnownFileType = text.plist.xml; path = Info.plist; sourceTree = "<group>"; };
		4C42EDF2279A40AF00C13DD4 /* HomeViewModel.swift */ = {isa = PBXFileReference; lastKnownFileType = sourcecode.swift; path = HomeViewModel.swift; sourceTree = "<group>"; };
		4C42EDF7279A40B600C13DD4 /* PaymentModel.swift */ = {isa = PBXFileReference; lastKnownFileType = sourcecode.swift; path = PaymentModel.swift; sourceTree = "<group>"; };
		4C42EE03279A67DC00C13DD4 /* PaymentMethodView.swift */ = {isa = PBXFileReference; lastKnownFileType = sourcecode.swift; path = PaymentMethodView.swift; sourceTree = "<group>"; };
		4C42EE08279A682300C13DD4 /* PaymentMethodView.storyboard */ = {isa = PBXFileReference; lastKnownFileType = file.storyboard; path = PaymentMethodView.storyboard; sourceTree = "<group>"; };
		4C42EE0D279B46A700C13DD4 /* PaymentMethodViewModel.swift */ = {isa = PBXFileReference; lastKnownFileType = sourcecode.swift; path = PaymentMethodViewModel.swift; sourceTree = "<group>"; };
		4C42EE12279B46C700C13DD4 /* PaymentMethodModel.swift */ = {isa = PBXFileReference; lastKnownFileType = sourcecode.swift; path = PaymentMethodModel.swift; sourceTree = "<group>"; };
		4C42EE17279B48B000C13DD4 /* PaymentMethodViewCell.xib */ = {isa = PBXFileReference; lastKnownFileType = file.xib; path = PaymentMethodViewCell.xib; sourceTree = "<group>"; };
		4C42EE1F279B48D700C13DD4 /* PaymentMethodViewCell.swift */ = {isa = PBXFileReference; lastKnownFileType = sourcecode.swift; path = PaymentMethodViewCell.swift; sourceTree = "<group>"; };
		4C42EE53279B801400C13DD4 /* Paths.swift */ = {isa = PBXFileReference; lastKnownFileType = sourcecode.swift; path = Paths.swift; sourceTree = "<group>"; };
		4C42EE5E279B817600C13DD4 /* PaymentMethodService.swift */ = {isa = PBXFileReference; lastKnownFileType = sourcecode.swift; path = PaymentMethodService.swift; sourceTree = "<group>"; };
		4C42EE63279B818100C13DD4 /* PaymentMethodPersistence.swift */ = {isa = PBXFileReference; lastKnownFileType = sourcecode.swift; path = PaymentMethodPersistence.swift; sourceTree = "<group>"; };
		4C42EE70279BA24B00C13DD4 /* CardIssuerView.swift */ = {isa = PBXFileReference; lastKnownFileType = sourcecode.swift; path = CardIssuerView.swift; sourceTree = "<group>"; };
		4C42EE78279BA28400C13DD4 /* CardIssuerView.storyboard */ = {isa = PBXFileReference; lastKnownFileType = file.storyboard; path = CardIssuerView.storyboard; sourceTree = "<group>"; };
		4C42EE7F279BA50100C13DD4 /* CardIssuerModel.swift */ = {isa = PBXFileReference; lastKnownFileType = sourcecode.swift; path = CardIssuerModel.swift; sourceTree = "<group>"; };
		4C42EE86279BA69800C13DD4 /* CardIssuerViewModel.swift */ = {isa = PBXFileReference; lastKnownFileType = sourcecode.swift; path = CardIssuerViewModel.swift; sourceTree = "<group>"; };
		4C42EE8E279BA6AD00C13DD4 /* CardIssuerService.swift */ = {isa = PBXFileReference; lastKnownFileType = sourcecode.swift; path = CardIssuerService.swift; sourceTree = "<group>"; };
		4C42EE93279BA6BB00C13DD4 /* CardIssuerPersistance.swift */ = {isa = PBXFileReference; lastKnownFileType = sourcecode.swift; path = CardIssuerPersistance.swift; sourceTree = "<group>"; };
		4C42EE98279BA8FD00C13DD4 /* CardIssuerViewCell.xib */ = {isa = PBXFileReference; lastKnownFileType = file.xib; path = CardIssuerViewCell.xib; sourceTree = "<group>"; };
		4C42EE9D279BA92000C13DD4 /* CardIssuerViewCell.swift */ = {isa = PBXFileReference; lastKnownFileType = sourcecode.swift; path = CardIssuerViewCell.swift; sourceTree = "<group>"; };
		4C42EEC1279BB58E00C13DD4 /* InstallmentView.swift */ = {isa = PBXFileReference; lastKnownFileType = sourcecode.swift; path = InstallmentView.swift; sourceTree = "<group>"; };
		4C42EECA279BB5CF00C13DD4 /* InstallmentView.storyboard */ = {isa = PBXFileReference; lastKnownFileType = file.storyboard; path = InstallmentView.storyboard; sourceTree = "<group>"; };
		4CDF9842279CDD250031CFE7 /* InstallmentViewCell.swift */ = {isa = PBXFileReference; lastKnownFileType = sourcecode.swift; path = InstallmentViewCell.swift; sourceTree = "<group>"; };
		4CDF984B279CE0320031CFE7 /* InstallmentViewCell.xib */ = {isa = PBXFileReference; lastKnownFileType = file.xib; path = InstallmentViewCell.xib; sourceTree = "<group>"; };
		4CDF9851279CEB3D0031CFE7 /* InstallmentModel.swift */ = {isa = PBXFileReference; lastKnownFileType = sourcecode.swift; path = InstallmentModel.swift; sourceTree = "<group>"; };
		4CDF9856279CEB910031CFE7 /* PayerCosts.swift */ = {isa = PBXFileReference; lastKnownFileType = sourcecode.swift; path = PayerCosts.swift; sourceTree = "<group>"; };
		4CDF985F279CEC250031CFE7 /* InstallmentViewModel.swift */ = {isa = PBXFileReference; lastKnownFileType = sourcecode.swift; path = InstallmentViewModel.swift; sourceTree = "<group>"; };
		4CDF9865279CEC3F0031CFE7 /* InstallmentService.swift */ = {isa = PBXFileReference; lastKnownFileType = sourcecode.swift; path = InstallmentService.swift; sourceTree = "<group>"; };
		4CDF986D279CEC5A0031CFE7 /* InstallmentPersistance.swift */ = {isa = PBXFileReference; lastKnownFileType = sourcecode.swift; path = InstallmentPersistance.swift; sourceTree = "<group>"; };
		507368C2B3C6BF4313E9E2E9 /* Pods-PaymentApp-PaymentAppUITests.release.xcconfig */ = {isa = PBXFileReference; includeInIndex = 1; lastKnownFileType = text.xcconfig; name = "Pods-PaymentApp-PaymentAppUITests.release.xcconfig"; path = "Target Support Files/Pods-PaymentApp-PaymentAppUITests/Pods-PaymentApp-PaymentAppUITests.release.xcconfig"; sourceTree = "<group>"; };
		587218310A4256323D36B65F /* Pods-PaymentAppTests.release.xcconfig */ = {isa = PBXFileReference; includeInIndex = 1; lastKnownFileType = text.xcconfig; name = "Pods-PaymentAppTests.release.xcconfig"; path = "Target Support Files/Pods-PaymentAppTests/Pods-PaymentAppTests.release.xcconfig"; sourceTree = "<group>"; };
		5EC9DBDEE21B4060C602DFDC /* Pods_PaymentAppTests.framework */ = {isa = PBXFileReference; explicitFileType = wrapper.framework; includeInIndex = 0; path = Pods_PaymentAppTests.framework; sourceTree = BUILT_PRODUCTS_DIR; };
		AD9DD345E135C67B0F8073CE /* Pods_PaymentApp_PaymentAppUITests.framework */ = {isa = PBXFileReference; explicitFileType = wrapper.framework; includeInIndex = 0; path = Pods_PaymentApp_PaymentAppUITests.framework; sourceTree = BUILT_PRODUCTS_DIR; };
		C2D89BA1ED8F769B3ED16E50 /* Pods-PaymentAppTests.debug.xcconfig */ = {isa = PBXFileReference; includeInIndex = 1; lastKnownFileType = text.xcconfig; name = "Pods-PaymentAppTests.debug.xcconfig"; path = "Target Support Files/Pods-PaymentAppTests/Pods-PaymentAppTests.debug.xcconfig"; sourceTree = "<group>"; };
		CD6306988B1E4EF066C685A0 /* Pods-PaymentApp.debug.xcconfig */ = {isa = PBXFileReference; includeInIndex = 1; lastKnownFileType = text.xcconfig; name = "Pods-PaymentApp.debug.xcconfig"; path = "Target Support Files/Pods-PaymentApp/Pods-PaymentApp.debug.xcconfig"; sourceTree = "<group>"; };
		F079E585D409B9A29E9E939C /* Pods_PaymentApp.framework */ = {isa = PBXFileReference; explicitFileType = wrapper.framework; includeInIndex = 0; path = Pods_PaymentApp.framework; sourceTree = BUILT_PRODUCTS_DIR; };
		FF73D65EA8BC38721BEC7B82 /* Pods-PaymentApp-PaymentAppUITests.debug.xcconfig */ = {isa = PBXFileReference; includeInIndex = 1; lastKnownFileType = text.xcconfig; name = "Pods-PaymentApp-PaymentAppUITests.debug.xcconfig"; path = "Target Support Files/Pods-PaymentApp-PaymentAppUITests/Pods-PaymentApp-PaymentAppUITests.debug.xcconfig"; sourceTree = "<group>"; };
/* End PBXFileReference section */

/* Begin PBXFrameworksBuildPhase section */
		4C42EDA3279A39EB00C13DD4 /* Frameworks */ = {
			isa = PBXFrameworksBuildPhase;
			buildActionMask = 2147483647;
			files = (
				399560BCDB7AF65733DF2DD8 /* Pods_PaymentApp.framework in Frameworks */,
			);
			runOnlyForDeploymentPostprocessing = 0;
		};
		4C42EDB9279A3A3600C13DD4 /* Frameworks */ = {
			isa = PBXFrameworksBuildPhase;
			buildActionMask = 2147483647;
			files = (
				94C19EE957489430D82C4413 /* Pods_PaymentAppTests.framework in Frameworks */,
			);
			runOnlyForDeploymentPostprocessing = 0;
		};
		4C42EDC4279A3A3600C13DD4 /* Frameworks */ = {
			isa = PBXFrameworksBuildPhase;
			buildActionMask = 2147483647;
			files = (
				0642624788644FCA7A411315 /* Pods_PaymentApp_PaymentAppUITests.framework in Frameworks */,
			);
			runOnlyForDeploymentPostprocessing = 0;
		};
/* End PBXFrameworksBuildPhase section */

/* Begin PBXGroup section */
		4C42ED9D279A39EB00C13DD4 = {
			isa = PBXGroup;
			children = (
				4C42EDA8279A39EC00C13DD4 /* PaymentApp */,
				4C42EDBF279A3A3600C13DD4 /* PaymentAppTests */,
				4C42EDCA279A3A3600C13DD4 /* PaymentAppUITests */,
				4C42EDA7279A39EB00C13DD4 /* Products */,
				D6B2AFCB522813B8FE355F70 /* Pods */,
				BB3F2C79229EFEB2B5B9CD4A /* Frameworks */,
			);
			sourceTree = "<group>";
		};
		4C42EDA7279A39EB00C13DD4 /* Products */ = {
			isa = PBXGroup;
			children = (
				4C42EDA6279A39EB00C13DD4 /* PaymentApp.app */,
				4C42EDBC279A3A3600C13DD4 /* PaymentAppTests.xctest */,
				4C42EDC7279A3A3600C13DD4 /* PaymentAppUITests.xctest */,
			);
			name = Products;
			sourceTree = "<group>";
		};
		4C42EDA8279A39EC00C13DD4 /* PaymentApp */ = {
			isa = PBXGroup;
			children = (
				4C42EDDF279A3D6C00C13DD4 /* Global */,
				4C42EDE5279A3DDE00C13DD4 /* Home */,
				4C42EE02279A679F00C13DD4 /* PaymentMethod */,
				4C42EE6F279BA20C00C13DD4 /* CardIssuer */,
				4C42EEC0279BB56C00C13DD4 /* Installment */,
			);
			path = PaymentApp;
			sourceTree = "<group>";
		};
		4C42EDBF279A3A3600C13DD4 /* PaymentAppTests */ = {
			isa = PBXGroup;
			children = (
				4C42EDC0279A3A3600C13DD4 /* PaymentAppTests.swift */,
				4C42EDC2279A3A3600C13DD4 /* Info.plist */,
			);
			path = PaymentAppTests;
			sourceTree = "<group>";
		};
		4C42EDCA279A3A3600C13DD4 /* PaymentAppUITests */ = {
			isa = PBXGroup;
			children = (
				4C42EDCB279A3A3600C13DD4 /* PaymentAppUITests.swift */,
				4C42EDCD279A3A3600C13DD4 /* Info.plist */,
			);
			path = PaymentAppUITests;
			sourceTree = "<group>";
		};
		4C42EDDF279A3D6C00C13DD4 /* Global */ = {
			isa = PBXGroup;
			children = (
				4C42EDB7279A3A3400C13DD4 /* Info.plist */,
				4C42EDE0279A3D8B00C13DD4 /* View */,
				4C42EDE1279A3DA100C13DD4 /* Controller */,
				4C42EE52279B800000C13DD4 /* Utils */,
			);
			path = Global;
			sourceTree = "<group>";
		};
		4C42EDE0279A3D8B00C13DD4 /* View */ = {
			isa = PBXGroup;
			children = (
				4C42EDB2279A3A3400C13DD4 /* Assets.xcassets */,
				4C42EDB4279A3A3400C13DD4 /* LaunchScreen.storyboard */,
			);
			path = View;
			sourceTree = "<group>";
		};
		4C42EDE1279A3DA100C13DD4 /* Controller */ = {
			isa = PBXGroup;
			children = (
				4C42EDA9279A39EC00C13DD4 /* AppDelegate.swift */,
				4C42EDAB279A39EC00C13DD4 /* SceneDelegate.swift */,
			);
			path = Controller;
			sourceTree = "<group>";
		};
		4C42EDE5279A3DDE00C13DD4 /* Home */ = {
			isa = PBXGroup;
			children = (
				4C42EE48279B7F4500C13DD4 /* Model */,
				4C42EE43279B7F3500C13DD4 /* View */,
				4C42EE47279B7F3E00C13DD4 /* ViewModel */,
			);
			path = Home;
			sourceTree = "<group>";
		};
		4C42EE02279A679F00C13DD4 /* PaymentMethod */ = {
			isa = PBXGroup;
			children = (
				4C42EE39279B662000C13DD4 /* Model */,
				4C42EE37279B660700C13DD4 /* View */,
				4C42EE38279B661800C13DD4 /* ViewModel */,
				4C42EE42279B7DB200C13DD4 /* Service */,
			);
			path = PaymentMethod;
			sourceTree = "<group>";
		};
		4C42EE37279B660700C13DD4 /* View */ = {
			isa = PBXGroup;
			children = (
				4C42EE03279A67DC00C13DD4 /* PaymentMethodView.swift */,
				4C42EE08279A682300C13DD4 /* PaymentMethodView.storyboard */,
				4C42EE17279B48B000C13DD4 /* PaymentMethodViewCell.xib */,
				4C42EE1F279B48D700C13DD4 /* PaymentMethodViewCell.swift */,
			);
			path = View;
			sourceTree = "<group>";
		};
		4C42EE38279B661800C13DD4 /* ViewModel */ = {
			isa = PBXGroup;
			children = (
				4C42EE0D279B46A700C13DD4 /* PaymentMethodViewModel.swift */,
			);
			path = ViewModel;
			sourceTree = "<group>";
		};
		4C42EE39279B662000C13DD4 /* Model */ = {
			isa = PBXGroup;
			children = (
				4C42EE12279B46C700C13DD4 /* PaymentMethodModel.swift */,
			);
			path = Model;
			sourceTree = "<group>";
		};
		4C42EE42279B7DB200C13DD4 /* Service */ = {
			isa = PBXGroup;
			children = (
				4C42EE5E279B817600C13DD4 /* PaymentMethodService.swift */,
				4C42EE63279B818100C13DD4 /* PaymentMethodPersistence.swift */,
			);
			path = Service;
			sourceTree = "<group>";
		};
		4C42EE43279B7F3500C13DD4 /* View */ = {
			isa = PBXGroup;
			children = (
				4C42EDAD279A39EC00C13DD4 /* HomeView.swift */,
				4C42EDAF279A39EC00C13DD4 /* HomeView.storyboard */,
			);
			path = View;
			sourceTree = "<group>";
		};
		4C42EE47279B7F3E00C13DD4 /* ViewModel */ = {
			isa = PBXGroup;
			children = (
				4C42EDF2279A40AF00C13DD4 /* HomeViewModel.swift */,
			);
			path = ViewModel;
			sourceTree = "<group>";
		};
		4C42EE48279B7F4500C13DD4 /* Model */ = {
			isa = PBXGroup;
			children = (
				4C42EDF7279A40B600C13DD4 /* PaymentModel.swift */,
			);
			path = Model;
			sourceTree = "<group>";
		};
		4C42EE52279B800000C13DD4 /* Utils */ = {
			isa = PBXGroup;
			children = (
				4C42EE53279B801400C13DD4 /* Paths.swift */,
			);
			path = Utils;
			sourceTree = "<group>";
		};
		4C42EE6F279BA20C00C13DD4 /* CardIssuer */ = {
			isa = PBXGroup;
			children = (
				4C42EE7E279BA4F500C13DD4 /* Model */,
				4C42EE7D279BA4E300C13DD4 /* View */,
				4C42EE84279BA66C00C13DD4 /* ViewModel */,
				4C42EE85279BA67B00C13DD4 /* Service */,
			);
			path = CardIssuer;
			sourceTree = "<group>";
		};
		4C42EE7D279BA4E300C13DD4 /* View */ = {
			isa = PBXGroup;
			children = (
				4C42EE70279BA24B00C13DD4 /* CardIssuerView.swift */,
				4C42EE78279BA28400C13DD4 /* CardIssuerView.storyboard */,
				4C42EE98279BA8FD00C13DD4 /* CardIssuerViewCell.xib */,
				4C42EE9D279BA92000C13DD4 /* CardIssuerViewCell.swift */,
			);
			path = View;
			sourceTree = "<group>";
		};
		4C42EE7E279BA4F500C13DD4 /* Model */ = {
			isa = PBXGroup;
			children = (
				4C42EE7F279BA50100C13DD4 /* CardIssuerModel.swift */,
			);
			path = Model;
			sourceTree = "<group>";
		};
		4C42EE84279BA66C00C13DD4 /* ViewModel */ = {
			isa = PBXGroup;
			children = (
				4C42EE86279BA69800C13DD4 /* CardIssuerViewModel.swift */,
			);
			path = ViewModel;
			sourceTree = "<group>";
		};
		4C42EE85279BA67B00C13DD4 /* Service */ = {
			isa = PBXGroup;
			children = (
				4C42EE8E279BA6AD00C13DD4 /* CardIssuerService.swift */,
				4C42EE93279BA6BB00C13DD4 /* CardIssuerPersistance.swift */,
			);
			path = Service;
			sourceTree = "<group>";
		};
		4C42EEC0279BB56C00C13DD4 /* Installment */ = {
			isa = PBXGroup;
			children = (
				4CDF9850279CEB300031CFE7 /* Model */,
				4C42EEC9279BB5C400C13DD4 /* View */,
				4CDF985E279CEC0B0031CFE7 /* ViewModel */,
				4CDF9864279CEC330031CFE7 /* Service */,
			);
			path = Installment;
			sourceTree = "<group>";
		};
		4C42EEC9279BB5C400C13DD4 /* View */ = {
			isa = PBXGroup;
			children = (
				4C42EEC1279BB58E00C13DD4 /* InstallmentView.swift */,
				4C42EECA279BB5CF00C13DD4 /* InstallmentView.storyboard */,
				4CDF9842279CDD250031CFE7 /* InstallmentViewCell.swift */,
				4CDF984B279CE0320031CFE7 /* InstallmentViewCell.xib */,
			);
			path = View;
			sourceTree = "<group>";
		};
		4CDF9850279CEB300031CFE7 /* Model */ = {
			isa = PBXGroup;
			children = (
				4CDF9851279CEB3D0031CFE7 /* InstallmentModel.swift */,
				4CDF9856279CEB910031CFE7 /* PayerCosts.swift */,
			);
			path = Model;
			sourceTree = "<group>";
		};
		4CDF985E279CEC0B0031CFE7 /* ViewModel */ = {
			isa = PBXGroup;
			children = (
				4CDF985F279CEC250031CFE7 /* InstallmentViewModel.swift */,
			);
			path = ViewModel;
			sourceTree = "<group>";
		};
		4CDF9864279CEC330031CFE7 /* Service */ = {
			isa = PBXGroup;
			children = (
				4CDF9865279CEC3F0031CFE7 /* InstallmentService.swift */,
				4CDF986D279CEC5A0031CFE7 /* InstallmentPersistance.swift */,
			);
			path = Service;
			sourceTree = "<group>";
		};
		BB3F2C79229EFEB2B5B9CD4A /* Frameworks */ = {
			isa = PBXGroup;
			children = (
				F079E585D409B9A29E9E939C /* Pods_PaymentApp.framework */,
				AD9DD345E135C67B0F8073CE /* Pods_PaymentApp_PaymentAppUITests.framework */,
				5EC9DBDEE21B4060C602DFDC /* Pods_PaymentAppTests.framework */,
			);
			name = Frameworks;
			sourceTree = "<group>";
		};
		D6B2AFCB522813B8FE355F70 /* Pods */ = {
			isa = PBXGroup;
			children = (
				CD6306988B1E4EF066C685A0 /* Pods-PaymentApp.debug.xcconfig */,
				48DACB4C703301FCA92D579D /* Pods-PaymentApp.release.xcconfig */,
				FF73D65EA8BC38721BEC7B82 /* Pods-PaymentApp-PaymentAppUITests.debug.xcconfig */,
				507368C2B3C6BF4313E9E2E9 /* Pods-PaymentApp-PaymentAppUITests.release.xcconfig */,
				C2D89BA1ED8F769B3ED16E50 /* Pods-PaymentAppTests.debug.xcconfig */,
				587218310A4256323D36B65F /* Pods-PaymentAppTests.release.xcconfig */,
			);
			path = Pods;
			sourceTree = "<group>";
		};
/* End PBXGroup section */

/* Begin PBXNativeTarget section */
		4C42EDA5279A39EB00C13DD4 /* PaymentApp */ = {
			isa = PBXNativeTarget;
			buildConfigurationList = 4C42EDD0279A3A3600C13DD4 /* Build configuration list for PBXNativeTarget "PaymentApp" */;
			buildPhases = (
				309E01FC8F4E24431EA1E2C0 /* [CP] Check Pods Manifest.lock */,
				4C42EDA2279A39EB00C13DD4 /* Sources */,
				4C42EDA3279A39EB00C13DD4 /* Frameworks */,
				4C42EDA4279A39EB00C13DD4 /* Resources */,
				1CD4FEDB2BF320F001677590 /* [CP] Embed Pods Frameworks */,
			);
			buildRules = (
			);
			dependencies = (
			);
			name = PaymentApp;
			productName = PaymentApp;
			productReference = 4C42EDA6279A39EB00C13DD4 /* PaymentApp.app */;
			productType = "com.apple.product-type.application";
		};
		4C42EDBB279A3A3600C13DD4 /* PaymentAppTests */ = {
			isa = PBXNativeTarget;
			buildConfigurationList = 4C42EDD3279A3A3600C13DD4 /* Build configuration list for PBXNativeTarget "PaymentAppTests" */;
			buildPhases = (
				9C38044B02113BF88CB0B0AC /* [CP] Check Pods Manifest.lock */,
				4C42EDB8279A3A3600C13DD4 /* Sources */,
				4C42EDB9279A3A3600C13DD4 /* Frameworks */,
				4C42EDBA279A3A3600C13DD4 /* Resources */,
			);
			buildRules = (
			);
			dependencies = (
				4C42EDBE279A3A3600C13DD4 /* PBXTargetDependency */,
			);
			name = PaymentAppTests;
			productName = PaymentAppTests;
			productReference = 4C42EDBC279A3A3600C13DD4 /* PaymentAppTests.xctest */;
			productType = "com.apple.product-type.bundle.unit-test";
		};
		4C42EDC6279A3A3600C13DD4 /* PaymentAppUITests */ = {
			isa = PBXNativeTarget;
			buildConfigurationList = 4C42EDD6279A3A3600C13DD4 /* Build configuration list for PBXNativeTarget "PaymentAppUITests" */;
			buildPhases = (
				DDDB35857C02F0D8E487B558 /* [CP] Check Pods Manifest.lock */,
				4C42EDC3279A3A3600C13DD4 /* Sources */,
				4C42EDC4279A3A3600C13DD4 /* Frameworks */,
				4C42EDC5279A3A3600C13DD4 /* Resources */,
				6BD92C99BF5E48A907597C16 /* [CP] Embed Pods Frameworks */,
			);
			buildRules = (
			);
			dependencies = (
				4C42EDC9279A3A3600C13DD4 /* PBXTargetDependency */,
			);
			name = PaymentAppUITests;
			productName = PaymentAppUITests;
			productReference = 4C42EDC7279A3A3600C13DD4 /* PaymentAppUITests.xctest */;
			productType = "com.apple.product-type.bundle.ui-testing";
		};
/* End PBXNativeTarget section */

/* Begin PBXProject section */
		4C42ED9E279A39EB00C13DD4 /* Project object */ = {
			isa = PBXProject;
			attributes = {
				LastSwiftUpdateCheck = 1240;
				LastUpgradeCheck = 1240;
				TargetAttributes = {
					4C42EDA5279A39EB00C13DD4 = {
						CreatedOnToolsVersion = 12.4;
					};
					4C42EDBB279A3A3600C13DD4 = {
						CreatedOnToolsVersion = 12.4;
						TestTargetID = 4C42EDA5279A39EB00C13DD4;
					};
					4C42EDC6279A3A3600C13DD4 = {
						CreatedOnToolsVersion = 12.4;
						TestTargetID = 4C42EDA5279A39EB00C13DD4;
					};
				};
			};
			buildConfigurationList = 4C42EDA1279A39EB00C13DD4 /* Build configuration list for PBXProject "PaymentApp" */;
			compatibilityVersion = "Xcode 9.3";
			developmentRegion = en;
			hasScannedForEncodings = 0;
			knownRegions = (
				en,
				Base,
			);
			mainGroup = 4C42ED9D279A39EB00C13DD4;
			productRefGroup = 4C42EDA7279A39EB00C13DD4 /* Products */;
			projectDirPath = "";
			projectRoot = "";
			targets = (
				4C42EDA5279A39EB00C13DD4 /* PaymentApp */,
				4C42EDBB279A3A3600C13DD4 /* PaymentAppTests */,
				4C42EDC6279A3A3600C13DD4 /* PaymentAppUITests */,
			);
		};
/* End PBXProject section */

/* Begin PBXResourcesBuildPhase section */
		4C42EDA4279A39EB00C13DD4 /* Resources */ = {
			isa = PBXResourcesBuildPhase;
			buildActionMask = 2147483647;
			files = (
				4C42EE18279B48B000C13DD4 /* PaymentMethodViewCell.xib in Resources */,
				4C42EE99279BA8FD00C13DD4 /* CardIssuerViewCell.xib in Resources */,
				4C42EDB6279A3A3400C13DD4 /* LaunchScreen.storyboard in Resources */,
				4C42EE09279A682300C13DD4 /* PaymentMethodView.storyboard in Resources */,
				4C42EE79279BA28400C13DD4 /* CardIssuerView.storyboard in Resources */,
				4C42EDB3279A3A3400C13DD4 /* Assets.xcassets in Resources */,
				4C42EDB1279A39EC00C13DD4 /* HomeView.storyboard in Resources */,
				4C42EECB279BB5CF00C13DD4 /* InstallmentView.storyboard in Resources */,
				4CDF984C279CE0320031CFE7 /* InstallmentViewCell.xib in Resources */,
			);
			runOnlyForDeploymentPostprocessing = 0;
		};
		4C42EDBA279A3A3600C13DD4 /* Resources */ = {
			isa = PBXResourcesBuildPhase;
			buildActionMask = 2147483647;
			files = (
			);
			runOnlyForDeploymentPostprocessing = 0;
		};
		4C42EDC5279A3A3600C13DD4 /* Resources */ = {
			isa = PBXResourcesBuildPhase;
			buildActionMask = 2147483647;
			files = (
			);
			runOnlyForDeploymentPostprocessing = 0;
		};
/* End PBXResourcesBuildPhase section */

/* Begin PBXShellScriptBuildPhase section */
		1CD4FEDB2BF320F001677590 /* [CP] Embed Pods Frameworks */ = {
			isa = PBXShellScriptBuildPhase;
			buildActionMask = 2147483647;
			files = (
			);
			inputFileListPaths = (
				"${PODS_ROOT}/Target Support Files/Pods-PaymentApp/Pods-PaymentApp-frameworks-${CONFIGURATION}-input-files.xcfilelist",
			);
			name = "[CP] Embed Pods Frameworks";
			outputFileListPaths = (
				"${PODS_ROOT}/Target Support Files/Pods-PaymentApp/Pods-PaymentApp-frameworks-${CONFIGURATION}-output-files.xcfilelist",
			);
			runOnlyForDeploymentPostprocessing = 0;
			shellPath = /bin/sh;
			shellScript = "\"${PODS_ROOT}/Target Support Files/Pods-PaymentApp/Pods-PaymentApp-frameworks.sh\"\n";
			showEnvVarsInLog = 0;
		};
		309E01FC8F4E24431EA1E2C0 /* [CP] Check Pods Manifest.lock */ = {
			isa = PBXShellScriptBuildPhase;
			buildActionMask = 2147483647;
			files = (
			);
			inputFileListPaths = (
			);
			inputPaths = (
				"${PODS_PODFILE_DIR_PATH}/Podfile.lock",
				"${PODS_ROOT}/Manifest.lock",
			);
			name = "[CP] Check Pods Manifest.lock";
			outputFileListPaths = (
			);
			outputPaths = (
				"$(DERIVED_FILE_DIR)/Pods-PaymentApp-checkManifestLockResult.txt",
			);
			runOnlyForDeploymentPostprocessing = 0;
			shellPath = /bin/sh;
			shellScript = "diff \"${PODS_PODFILE_DIR_PATH}/Podfile.lock\" \"${PODS_ROOT}/Manifest.lock\" > /dev/null\nif [ $? != 0 ] ; then\n    # print error to STDERR\n    echo \"error: The sandbox is not in sync with the Podfile.lock. Run 'pod install' or update your CocoaPods installation.\" >&2\n    exit 1\nfi\n# This output is used by Xcode 'outputs' to avoid re-running this script phase.\necho \"SUCCESS\" > \"${SCRIPT_OUTPUT_FILE_0}\"\n";
			showEnvVarsInLog = 0;
		};
		6BD92C99BF5E48A907597C16 /* [CP] Embed Pods Frameworks */ = {
			isa = PBXShellScriptBuildPhase;
			buildActionMask = 2147483647;
			files = (
			);
			inputFileListPaths = (
				"${PODS_ROOT}/Target Support Files/Pods-PaymentApp-PaymentAppUITests/Pods-PaymentApp-PaymentAppUITests-frameworks-${CONFIGURATION}-input-files.xcfilelist",
			);
			name = "[CP] Embed Pods Frameworks";
			outputFileListPaths = (
				"${PODS_ROOT}/Target Support Files/Pods-PaymentApp-PaymentAppUITests/Pods-PaymentApp-PaymentAppUITests-frameworks-${CONFIGURATION}-output-files.xcfilelist",
			);
			runOnlyForDeploymentPostprocessing = 0;
			shellPath = /bin/sh;
			shellScript = "\"${PODS_ROOT}/Target Support Files/Pods-PaymentApp-PaymentAppUITests/Pods-PaymentApp-PaymentAppUITests-frameworks.sh\"\n";
			showEnvVarsInLog = 0;
		};
		9C38044B02113BF88CB0B0AC /* [CP] Check Pods Manifest.lock */ = {
			isa = PBXShellScriptBuildPhase;
			buildActionMask = 2147483647;
			files = (
			);
			inputFileListPaths = (
			);
			inputPaths = (
				"${PODS_PODFILE_DIR_PATH}/Podfile.lock",
				"${PODS_ROOT}/Manifest.lock",
			);
			name = "[CP] Check Pods Manifest.lock";
			outputFileListPaths = (
			);
			outputPaths = (
				"$(DERIVED_FILE_DIR)/Pods-PaymentAppTests-checkManifestLockResult.txt",
			);
			runOnlyForDeploymentPostprocessing = 0;
			shellPath = /bin/sh;
			shellScript = "diff \"${PODS_PODFILE_DIR_PATH}/Podfile.lock\" \"${PODS_ROOT}/Manifest.lock\" > /dev/null\nif [ $? != 0 ] ; then\n    # print error to STDERR\n    echo \"error: The sandbox is not in sync with the Podfile.lock. Run 'pod install' or update your CocoaPods installation.\" >&2\n    exit 1\nfi\n# This output is used by Xcode 'outputs' to avoid re-running this script phase.\necho \"SUCCESS\" > \"${SCRIPT_OUTPUT_FILE_0}\"\n";
			showEnvVarsInLog = 0;
		};
		DDDB35857C02F0D8E487B558 /* [CP] Check Pods Manifest.lock */ = {
			isa = PBXShellScriptBuildPhase;
			buildActionMask = 2147483647;
			files = (
			);
			inputFileListPaths = (
			);
			inputPaths = (
				"${PODS_PODFILE_DIR_PATH}/Podfile.lock",
				"${PODS_ROOT}/Manifest.lock",
			);
			name = "[CP] Check Pods Manifest.lock";
			outputFileListPaths = (
			);
			outputPaths = (
				"$(DERIVED_FILE_DIR)/Pods-PaymentApp-PaymentAppUITests-checkManifestLockResult.txt",
			);
			runOnlyForDeploymentPostprocessing = 0;
			shellPath = /bin/sh;
			shellScript = "diff \"${PODS_PODFILE_DIR_PATH}/Podfile.lock\" \"${PODS_ROOT}/Manifest.lock\" > /dev/null\nif [ $? != 0 ] ; then\n    # print error to STDERR\n    echo \"error: The sandbox is not in sync with the Podfile.lock. Run 'pod install' or update your CocoaPods installation.\" >&2\n    exit 1\nfi\n# This output is used by Xcode 'outputs' to avoid re-running this script phase.\necho \"SUCCESS\" > \"${SCRIPT_OUTPUT_FILE_0}\"\n";
			showEnvVarsInLog = 0;
		};
/* End PBXShellScriptBuildPhase section */

/* Begin PBXSourcesBuildPhase section */
		4C42EDA2279A39EB00C13DD4 /* Sources */ = {
			isa = PBXSourcesBuildPhase;
			buildActionMask = 2147483647;
			files = (
				4C42EE9E279BA92000C13DD4 /* CardIssuerViewCell.swift in Sources */,
				4C42EDAE279A39EC00C13DD4 /* HomeView.swift in Sources */,
				4CDF986E279CEC5A0031CFE7 /* InstallmentPersistance.swift in Sources */,
				4C42EDAA279A39EC00C13DD4 /* AppDelegate.swift in Sources */,
				4C42EDAC279A39EC00C13DD4 /* SceneDelegate.swift in Sources */,
				4C42EE13279B46C700C13DD4 /* PaymentMethodModel.swift in Sources */,
				4CDF9860279CEC250031CFE7 /* InstallmentViewModel.swift in Sources */,
				4C42EDF8279A40B600C13DD4 /* PaymentModel.swift in Sources */,
				4C42EE64279B818100C13DD4 /* PaymentMethodPersistence.swift in Sources */,
				4C42EE54279B801400C13DD4 /* Paths.swift in Sources */,
				4CDF9852279CEB3D0031CFE7 /* InstallmentModel.swift in Sources */,
				4C42EE0E279B46A700C13DD4 /* PaymentMethodViewModel.swift in Sources */,
				4C42EE04279A67DC00C13DD4 /* PaymentMethodView.swift in Sources */,
				4C42EE8F279BA6AD00C13DD4 /* CardIssuerService.swift in Sources */,
				4CDF9857279CEB910031CFE7 /* PayerCosts.swift in Sources */,
				4C42EE80279BA50100C13DD4 /* CardIssuerModel.swift in Sources */,
				4CDF9866279CEC3F0031CFE7 /* InstallmentService.swift in Sources */,
				4C42EE87279BA69800C13DD4 /* CardIssuerViewModel.swift in Sources */,
				4C42EE5F279B817600C13DD4 /* PaymentMethodService.swift in Sources */,
				4CDF9843279CDD250031CFE7 /* InstallmentViewCell.swift in Sources */,
				4C42EDF3279A40AF00C13DD4 /* HomeViewModel.swift in Sources */,
				4C42EE71279BA24B00C13DD4 /* CardIssuerView.swift in Sources */,
				4C42EE94279BA6BB00C13DD4 /* CardIssuerPersistance.swift in Sources */,
				4C42EE20279B48D700C13DD4 /* PaymentMethodViewCell.swift in Sources */,
				4C42EEC2279BB58E00C13DD4 /* InstallmentView.swift in Sources */,
			);
			runOnlyForDeploymentPostprocessing = 0;
		};
		4C42EDB8279A3A3600C13DD4 /* Sources */ = {
			isa = PBXSourcesBuildPhase;
			buildActionMask = 2147483647;
			files = (
				4C42EDC1279A3A3600C13DD4 /* PaymentAppTests.swift in Sources */,
			);
			runOnlyForDeploymentPostprocessing = 0;
		};
		4C42EDC3279A3A3600C13DD4 /* Sources */ = {
			isa = PBXSourcesBuildPhase;
			buildActionMask = 2147483647;
			files = (
				4C42EDCC279A3A3600C13DD4 /* PaymentAppUITests.swift in Sources */,
			);
			runOnlyForDeploymentPostprocessing = 0;
		};
/* End PBXSourcesBuildPhase section */

/* Begin PBXTargetDependency section */
		4C42EDBE279A3A3600C13DD4 /* PBXTargetDependency */ = {
			isa = PBXTargetDependency;
			target = 4C42EDA5279A39EB00C13DD4 /* PaymentApp */;
			targetProxy = 4C42EDBD279A3A3600C13DD4 /* PBXContainerItemProxy */;
		};
		4C42EDC9279A3A3600C13DD4 /* PBXTargetDependency */ = {
			isa = PBXTargetDependency;
			target = 4C42EDA5279A39EB00C13DD4 /* PaymentApp */;
			targetProxy = 4C42EDC8279A3A3600C13DD4 /* PBXContainerItemProxy */;
		};
/* End PBXTargetDependency section */

/* Begin PBXVariantGroup section */
		4C42EDAF279A39EC00C13DD4 /* HomeView.storyboard */ = {
			isa = PBXVariantGroup;
			children = (
				4C42EDB0279A39EC00C13DD4 /* Base */,
			);
			name = HomeView.storyboard;
			sourceTree = "<group>";
		};
		4C42EDB4279A3A3400C13DD4 /* LaunchScreen.storyboard */ = {
			isa = PBXVariantGroup;
			children = (
				4C42EDB5279A3A3400C13DD4 /* Base */,
			);
			name = LaunchScreen.storyboard;
			sourceTree = "<group>";
		};
/* End PBXVariantGroup section */

/* Begin XCBuildConfiguration section */
		4C42EDCE279A3A3600C13DD4 /* Debug */ = {
			isa = XCBuildConfiguration;
			buildSettings = {
				ALWAYS_SEARCH_USER_PATHS = NO;
				CLANG_ANALYZER_NONNULL = YES;
				CLANG_ANALYZER_NUMBER_OBJECT_CONVERSION = YES_AGGRESSIVE;
				CLANG_CXX_LANGUAGE_STANDARD = "gnu++14";
				CLANG_CXX_LIBRARY = "libc++";
				CLANG_ENABLE_MODULES = YES;
				CLANG_ENABLE_OBJC_ARC = YES;
				CLANG_ENABLE_OBJC_WEAK = YES;
				CLANG_WARN_BLOCK_CAPTURE_AUTORELEASING = YES;
				CLANG_WARN_BOOL_CONVERSION = YES;
				CLANG_WARN_COMMA = YES;
				CLANG_WARN_CONSTANT_CONVERSION = YES;
				CLANG_WARN_DEPRECATED_OBJC_IMPLEMENTATIONS = YES;
				CLANG_WARN_DIRECT_OBJC_ISA_USAGE = YES_ERROR;
				CLANG_WARN_DOCUMENTATION_COMMENTS = YES;
				CLANG_WARN_EMPTY_BODY = YES;
				CLANG_WARN_ENUM_CONVERSION = YES;
				CLANG_WARN_INFINITE_RECURSION = YES;
				CLANG_WARN_INT_CONVERSION = YES;
				CLANG_WARN_NON_LITERAL_NULL_CONVERSION = YES;
				CLANG_WARN_OBJC_IMPLICIT_RETAIN_SELF = YES;
				CLANG_WARN_OBJC_LITERAL_CONVERSION = YES;
				CLANG_WARN_OBJC_ROOT_CLASS = YES_ERROR;
				CLANG_WARN_QUOTED_INCLUDE_IN_FRAMEWORK_HEADER = YES;
				CLANG_WARN_RANGE_LOOP_ANALYSIS = YES;
				CLANG_WARN_STRICT_PROTOTYPES = YES;
				CLANG_WARN_SUSPICIOUS_MOVE = YES;
				CLANG_WARN_UNGUARDED_AVAILABILITY = YES_AGGRESSIVE;
				CLANG_WARN_UNREACHABLE_CODE = YES;
				CLANG_WARN__DUPLICATE_METHOD_MATCH = YES;
				COPY_PHASE_STRIP = NO;
				DEBUG_INFORMATION_FORMAT = dwarf;
				ENABLE_STRICT_OBJC_MSGSEND = YES;
				ENABLE_TESTABILITY = YES;
				GCC_C_LANGUAGE_STANDARD = gnu11;
				GCC_DYNAMIC_NO_PIC = NO;
				GCC_NO_COMMON_BLOCKS = YES;
				GCC_OPTIMIZATION_LEVEL = 0;
				GCC_PREPROCESSOR_DEFINITIONS = (
					"DEBUG=1",
					"$(inherited)",
				);
				GCC_WARN_64_TO_32_BIT_CONVERSION = YES;
				GCC_WARN_ABOUT_RETURN_TYPE = YES_ERROR;
				GCC_WARN_UNDECLARED_SELECTOR = YES;
				GCC_WARN_UNINITIALIZED_AUTOS = YES_AGGRESSIVE;
				GCC_WARN_UNUSED_FUNCTION = YES;
				GCC_WARN_UNUSED_VARIABLE = YES;
				IPHONEOS_DEPLOYMENT_TARGET = 14.4;
				MTL_ENABLE_DEBUG_INFO = INCLUDE_SOURCE;
				MTL_FAST_MATH = YES;
				ONLY_ACTIVE_ARCH = YES;
				SDKROOT = iphoneos;
				SWIFT_ACTIVE_COMPILATION_CONDITIONS = DEBUG;
				SWIFT_OPTIMIZATION_LEVEL = "-Onone";
			};
			name = Debug;
		};
		4C42EDCF279A3A3600C13DD4 /* Release */ = {
			isa = XCBuildConfiguration;
			buildSettings = {
				ALWAYS_SEARCH_USER_PATHS = NO;
				CLANG_ANALYZER_NONNULL = YES;
				CLANG_ANALYZER_NUMBER_OBJECT_CONVERSION = YES_AGGRESSIVE;
				CLANG_CXX_LANGUAGE_STANDARD = "gnu++14";
				CLANG_CXX_LIBRARY = "libc++";
				CLANG_ENABLE_MODULES = YES;
				CLANG_ENABLE_OBJC_ARC = YES;
				CLANG_ENABLE_OBJC_WEAK = YES;
				CLANG_WARN_BLOCK_CAPTURE_AUTORELEASING = YES;
				CLANG_WARN_BOOL_CONVERSION = YES;
				CLANG_WARN_COMMA = YES;
				CLANG_WARN_CONSTANT_CONVERSION = YES;
				CLANG_WARN_DEPRECATED_OBJC_IMPLEMENTATIONS = YES;
				CLANG_WARN_DIRECT_OBJC_ISA_USAGE = YES_ERROR;
				CLANG_WARN_DOCUMENTATION_COMMENTS = YES;
				CLANG_WARN_EMPTY_BODY = YES;
				CLANG_WARN_ENUM_CONVERSION = YES;
				CLANG_WARN_INFINITE_RECURSION = YES;
				CLANG_WARN_INT_CONVERSION = YES;
				CLANG_WARN_NON_LITERAL_NULL_CONVERSION = YES;
				CLANG_WARN_OBJC_IMPLICIT_RETAIN_SELF = YES;
				CLANG_WARN_OBJC_LITERAL_CONVERSION = YES;
				CLANG_WARN_OBJC_ROOT_CLASS = YES_ERROR;
				CLANG_WARN_QUOTED_INCLUDE_IN_FRAMEWORK_HEADER = YES;
				CLANG_WARN_RANGE_LOOP_ANALYSIS = YES;
				CLANG_WARN_STRICT_PROTOTYPES = YES;
				CLANG_WARN_SUSPICIOUS_MOVE = YES;
				CLANG_WARN_UNGUARDED_AVAILABILITY = YES_AGGRESSIVE;
				CLANG_WARN_UNREACHABLE_CODE = YES;
				CLANG_WARN__DUPLICATE_METHOD_MATCH = YES;
				COPY_PHASE_STRIP = NO;
				DEBUG_INFORMATION_FORMAT = "dwarf-with-dsym";
				ENABLE_NS_ASSERTIONS = NO;
				ENABLE_STRICT_OBJC_MSGSEND = YES;
				GCC_C_LANGUAGE_STANDARD = gnu11;
				GCC_NO_COMMON_BLOCKS = YES;
				GCC_WARN_64_TO_32_BIT_CONVERSION = YES;
				GCC_WARN_ABOUT_RETURN_TYPE = YES_ERROR;
				GCC_WARN_UNDECLARED_SELECTOR = YES;
				GCC_WARN_UNINITIALIZED_AUTOS = YES_AGGRESSIVE;
				GCC_WARN_UNUSED_FUNCTION = YES;
				GCC_WARN_UNUSED_VARIABLE = YES;
				IPHONEOS_DEPLOYMENT_TARGET = 14.4;
				MTL_ENABLE_DEBUG_INFO = NO;
				MTL_FAST_MATH = YES;
				SDKROOT = iphoneos;
				SWIFT_COMPILATION_MODE = wholemodule;
				SWIFT_OPTIMIZATION_LEVEL = "-O";
				VALIDATE_PRODUCT = YES;
			};
			name = Release;
		};
		4C42EDD1279A3A3600C13DD4 /* Debug */ = {
			isa = XCBuildConfiguration;
			baseConfigurationReference = CD6306988B1E4EF066C685A0 /* Pods-PaymentApp.debug.xcconfig */;
			buildSettings = {
				ASSETCATALOG_COMPILER_APPICON_NAME = AppIcon;
				ASSETCATALOG_COMPILER_GLOBAL_ACCENT_COLOR_NAME = AccentColor;
				CODE_SIGN_STYLE = Automatic;
				DEVELOPMENT_TEAM = 3G89JX3W47;
				INFOPLIST_FILE = PaymentApp/Global/Info.plist;
				LD_RUNPATH_SEARCH_PATHS = (
					"$(inherited)",
					"@executable_path/Frameworks",
				);
				PRODUCT_BUNDLE_IDENTIFIER = com.eduardo.PaymentApp;
				PRODUCT_NAME = "$(TARGET_NAME)";
				SWIFT_VERSION = 5.0;
				TARGETED_DEVICE_FAMILY = 1;
			};
			name = Debug;
		};
		4C42EDD2279A3A3600C13DD4 /* Release */ = {
			isa = XCBuildConfiguration;
			baseConfigurationReference = 48DACB4C703301FCA92D579D /* Pods-PaymentApp.release.xcconfig */;
			buildSettings = {
				ASSETCATALOG_COMPILER_APPICON_NAME = AppIcon;
				ASSETCATALOG_COMPILER_GLOBAL_ACCENT_COLOR_NAME = AccentColor;
				CODE_SIGN_STYLE = Automatic;
				DEVELOPMENT_TEAM = 3G89JX3W47;
				INFOPLIST_FILE = PaymentApp/Global/Info.plist;
				LD_RUNPATH_SEARCH_PATHS = (
					"$(inherited)",
					"@executable_path/Frameworks",
				);
				PRODUCT_BUNDLE_IDENTIFIER = com.eduardo.PaymentApp;
				PRODUCT_NAME = "$(TARGET_NAME)";
				SWIFT_VERSION = 5.0;
				TARGETED_DEVICE_FAMILY = 1;
			};
			name = Release;
		};
		4C42EDD4279A3A3600C13DD4 /* Debug */ = {
			isa = XCBuildConfiguration;
			baseConfigurationReference = C2D89BA1ED8F769B3ED16E50 /* Pods-PaymentAppTests.debug.xcconfig */;
			buildSettings = {
				ALWAYS_EMBED_SWIFT_STANDARD_LIBRARIES = YES;
				BUNDLE_LOADER = "$(TEST_HOST)";
				CODE_SIGN_STYLE = Automatic;
				DEVELOPMENT_TEAM = 3G89JX3W47;
				INFOPLIST_FILE = PaymentAppTests/Info.plist;
				IPHONEOS_DEPLOYMENT_TARGET = 14.4;
				LD_RUNPATH_SEARCH_PATHS = (
					"$(inherited)",
					"@executable_path/Frameworks",
					"@loader_path/Frameworks",
				);
				PRODUCT_BUNDLE_IDENTIFIER = com.eduardo.PaymentAppTests;
				PRODUCT_NAME = "$(TARGET_NAME)";
				SWIFT_VERSION = 5.0;
				TARGETED_DEVICE_FAMILY = "1,2";
				TEST_HOST = "$(BUILT_PRODUCTS_DIR)/PaymentApp.app/PaymentApp";
			};
			name = Debug;
		};
		4C42EDD5279A3A3600C13DD4 /* Release */ = {
			isa = XCBuildConfiguration;
			baseConfigurationReference = 587218310A4256323D36B65F /* Pods-PaymentAppTests.release.xcconfig */;
			buildSettings = {
				ALWAYS_EMBED_SWIFT_STANDARD_LIBRARIES = YES;
				BUNDLE_LOADER = "$(TEST_HOST)";
				CODE_SIGN_STYLE = Automatic;
				DEVELOPMENT_TEAM = 3G89JX3W47;
				INFOPLIST_FILE = PaymentAppTests/Info.plist;
				IPHONEOS_DEPLOYMENT_TARGET = 14.4;
				LD_RUNPATH_SEARCH_PATHS = (
					"$(inherited)",
					"@executable_path/Frameworks",
					"@loader_path/Frameworks",
				);
				PRODUCT_BUNDLE_IDENTIFIER = com.eduardo.PaymentAppTests;
				PRODUCT_NAME = "$(TARGET_NAME)";
				SWIFT_VERSION = 5.0;
				TARGETED_DEVICE_FAMILY = "1,2";
				TEST_HOST = "$(BUILT_PRODUCTS_DIR)/PaymentApp.app/PaymentApp";
			};
			name = Release;
		};
		4C42EDD7279A3A3600C13DD4 /* Debug */ = {
			isa = XCBuildConfiguration;
			baseConfigurationReference = FF73D65EA8BC38721BEC7B82 /* Pods-PaymentApp-PaymentAppUITests.debug.xcconfig */;
			buildSettings = {
				ALWAYS_EMBED_SWIFT_STANDARD_LIBRARIES = YES;
				CODE_SIGN_STYLE = Automatic;
				DEVELOPMENT_TEAM = 3G89JX3W47;
				INFOPLIST_FILE = PaymentAppUITests/Info.plist;
				LD_RUNPATH_SEARCH_PATHS = (
					"$(inherited)",
					"@executable_path/Frameworks",
					"@loader_path/Frameworks",
				);
				PRODUCT_BUNDLE_IDENTIFIER = com.eduardo.PaymentAppUITests;
				PRODUCT_NAME = "$(TARGET_NAME)";
				SWIFT_VERSION = 5.0;
				TARGETED_DEVICE_FAMILY = "1,2";
				TEST_TARGET_NAME = PaymentApp;
			};
			name = Debug;
		};
		4C42EDD8279A3A3600C13DD4 /* Release */ = {
			isa = XCBuildConfiguration;
			baseConfigurationReference = 507368C2B3C6BF4313E9E2E9 /* Pods-PaymentApp-PaymentAppUITests.release.xcconfig */;
			buildSettings = {
				ALWAYS_EMBED_SWIFT_STANDARD_LIBRARIES = YES;
				CODE_SIGN_STYLE = Automatic;
				DEVELOPMENT_TEAM = 3G89JX3W47;
				INFOPLIST_FILE = PaymentAppUITests/Info.plist;
				LD_RUNPATH_SEARCH_PATHS = (
					"$(inherited)",
					"@executable_path/Frameworks",
					"@loader_path/Frameworks",
				);
				PRODUCT_BUNDLE_IDENTIFIER = com.eduardo.PaymentAppUITests;
				PRODUCT_NAME = "$(TARGET_NAME)";
				SWIFT_VERSION = 5.0;
				TARGETED_DEVICE_FAMILY = "1,2";
				TEST_TARGET_NAME = PaymentApp;
			};
			name = Release;
		};
/* End XCBuildConfiguration section */

/* Begin XCConfigurationList section */
		4C42EDA1279A39EB00C13DD4 /* Build configuration list for PBXProject "PaymentApp" */ = {
			isa = XCConfigurationList;
			buildConfigurations = (
				4C42EDCE279A3A3600C13DD4 /* Debug */,
				4C42EDCF279A3A3600C13DD4 /* Release */,
			);
			defaultConfigurationIsVisible = 0;
			defaultConfigurationName = Release;
		};
		4C42EDD0279A3A3600C13DD4 /* Build configuration list for PBXNativeTarget "PaymentApp" */ = {
			isa = XCConfigurationList;
			buildConfigurations = (
				4C42EDD1279A3A3600C13DD4 /* Debug */,
				4C42EDD2279A3A3600C13DD4 /* Release */,
			);
			defaultConfigurationIsVisible = 0;
			defaultConfigurationName = Release;
		};
		4C42EDD3279A3A3600C13DD4 /* Build configuration list for PBXNativeTarget "PaymentAppTests" */ = {
			isa = XCConfigurationList;
			buildConfigurations = (
				4C42EDD4279A3A3600C13DD4 /* Debug */,
				4C42EDD5279A3A3600C13DD4 /* Release */,
			);
			defaultConfigurationIsVisible = 0;
			defaultConfigurationName = Release;
		};
		4C42EDD6279A3A3600C13DD4 /* Build configuration list for PBXNativeTarget "PaymentAppUITests" */ = {
			isa = XCConfigurationList;
			buildConfigurations = (
				4C42EDD7279A3A3600C13DD4 /* Debug */,
				4C42EDD8279A3A3600C13DD4 /* Release */,
			);
			defaultConfigurationIsVisible = 0;
			defaultConfigurationName = Release;
		};
/* End XCConfigurationList section */
	};
	rootObject = 4C42ED9E279A39EB00C13DD4 /* Project object */;
}
