// !$*UTF8*$!
{
	archiveVersion = 1;
	classes = {
	};
	objectVersion = 50;
	objects = {

/* Begin PBXBuildFile section */
		4C42EDAA279A39EC00C13DD4 /* AppDelegate.swift in Sources */ = {isa = PBXBuildFile; fileRef = 4C42EDA9279A39EC00C13DD4 /* AppDelegate.swift */; };
		4C42EDAC279A39EC00C13DD4 /* SceneDelegate.swift in Sources */ = {isa = PBXBuildFile; fileRef = 4C42EDAB279A39EC00C13DD4 /* SceneDelegate.swift */; };
		4C42EDAE279A39EC00C13DD4 /* HomeView.swift in Sources */ = {isa = PBXBuildFile; fileRef = 4C42EDAD279A39EC00C13DD4 /* HomeView.swift */; };
		4C42EDB1279A39EC00C13DD4 /* HomeView.storyboard in Resources */ = {isa = PBXBuildFile; fileRef = 4C42EDAF279A39EC00C13DD4 /* HomeView.storyboard */; };
		4C42EDB3279A3A3400C13DD4 /* Assets.xcassets in Resources */ = {isa = PBXBuildFile; fileRef = 4C42EDB2279A3A3400C13DD4 /* Assets.xcassets */; };
		4C42EDB6279A3A3400C13DD4 /* LaunchScreen.storyboard in Resources */ = {isa = PBXBuildFile; fileRef = 4C42EDB4279A3A3400C13DD4 /* LaunchScreen.storyboard */; };
		4C42EDC1279A3A3600C13DD4 /* PaymentAppTests.swift in Sources */ = {isa = PBXBuildFile; fileRef = 4C42EDC0279A3A3600C13DD4 /* PaymentAppTests.swift */; };
		4C42EDCC279A3A3600C13DD4 /* PaymentAppUITests.swift in Sources */ = {isa = PBXBuildFile; fileRef = 4C42EDCB279A3A3600C13DD4 /* PaymentAppUITests.swift */; };
		4C42EDF3279A40AF00C13DD4 /* HomeViewModel.swift in Sources */ = {isa = PBXBuildFile; fileRef = 4C42EDF2279A40AF00C13DD4 /* HomeViewModel.swift */; };
		4C42EDF8279A40B600C13DD4 /* HomeModel.swift in Sources */ = {isa = PBXBuildFile; fileRef = 4C42EDF7279A40B600C13DD4 /* HomeModel.swift */; };
		4C42EE04279A67DC00C13DD4 /* PaymentMethodView.swift in Sources */ = {isa = PBXBuildFile; fileRef = 4C42EE03279A67DC00C13DD4 /* PaymentMethodView.swift */; };
		4C42EE09279A682300C13DD4 /* PaymentMethodView.storyboard in Resources */ = {isa = PBXBuildFile; fileRef = 4C42EE08279A682300C13DD4 /* PaymentMethodView.storyboard */; };
		4C42EE0E279B46A700C13DD4 /* PaymentMethodViewModel.swift in Sources */ = {isa = PBXBuildFile; fileRef = 4C42EE0D279B46A700C13DD4 /* PaymentMethodViewModel.swift */; };
		4C42EE13279B46C700C13DD4 /* PaymentMethodModel.swift in Sources */ = {isa = PBXBuildFile; fileRef = 4C42EE12279B46C700C13DD4 /* PaymentMethodModel.swift */; };
		4C42EE18279B48B000C13DD4 /* PaymentMethodViewCell.xib in Resources */ = {isa = PBXBuildFile; fileRef = 4C42EE17279B48B000C13DD4 /* PaymentMethodViewCell.xib */; };
		4C42EE20279B48D700C13DD4 /* PaymentMethodViewCell.swift in Sources */ = {isa = PBXBuildFile; fileRef = 4C42EE1F279B48D700C13DD4 /* PaymentMethodViewCell.swift */; };
/* End PBXBuildFile section */

/* Begin PBXContainerItemProxy section */
		4C42EDBD279A3A3600C13DD4 /* PBXContainerItemProxy */ = {
			isa = PBXContainerItemProxy;
			containerPortal = 4C42ED9E279A39EB00C13DD4 /* Project object */;
			proxyType = 1;
			remoteGlobalIDString = 4C42EDA5279A39EB00C13DD4;
			remoteInfo = PaymentApp;
		};
		4C42EDC8279A3A3600C13DD4 /* PBXContainerItemProxy */ = {
			isa = PBXContainerItemProxy;
			containerPortal = 4C42ED9E279A39EB00C13DD4 /* Project object */;
			proxyType = 1;
			remoteGlobalIDString = 4C42EDA5279A39EB00C13DD4;
			remoteInfo = PaymentApp;
		};
/* End PBXContainerItemProxy section */

/* Begin PBXFileReference section */
		4C42EDA6279A39EB00C13DD4 /* PaymentApp.app */ = {isa = PBXFileReference; explicitFileType = wrapper.application; includeInIndex = 0; path = PaymentApp.app; sourceTree = BUILT_PRODUCTS_DIR; };
		4C42EDA9279A39EC00C13DD4 /* AppDelegate.swift */ = {isa = PBXFileReference; lastKnownFileType = sourcecode.swift; path = AppDelegate.swift; sourceTree = "<group>"; };
		4C42EDAB279A39EC00C13DD4 /* SceneDelegate.swift */ = {isa = PBXFileReference; lastKnownFileType = sourcecode.swift; path = SceneDelegate.swift; sourceTree = "<group>"; };
		4C42EDAD279A39EC00C13DD4 /* HomeView.swift */ = {isa = PBXFileReference; lastKnownFileType = sourcecode.swift; path = HomeView.swift; sourceTree = "<group>"; };
		4C42EDB0279A39EC00C13DD4 /* Base */ = {isa = PBXFileReference; lastKnownFileType = file.storyboard; name = Base; path = Base.lproj/HomeView.storyboard; sourceTree = "<group>"; };
		4C42EDB2279A3A3400C13DD4 /* Assets.xcassets */ = {isa = PBXFileReference; lastKnownFileType = folder.assetcatalog; path = Assets.xcassets; sourceTree = "<group>"; };
		4C42EDB5279A3A3400C13DD4 /* Base */ = {isa = PBXFileReference; lastKnownFileType = file.storyboard; name = Base; path = Base.lproj/LaunchScreen.storyboard; sourceTree = "<group>"; };
		4C42EDB7279A3A3400C13DD4 /* Info.plist */ = {isa = PBXFileReference; lastKnownFileType = text.plist.xml; path = Info.plist; sourceTree = "<group>"; };
		4C42EDBC279A3A3600C13DD4 /* PaymentAppTests.xctest */ = {isa = PBXFileReference; explicitFileType = wrapper.cfbundle; includeInIndex = 0; path = PaymentAppTests.xctest; sourceTree = BUILT_PRODUCTS_DIR; };
		4C42EDC0279A3A3600C13DD4 /* PaymentAppTests.swift */ = {isa = PBXFileReference; lastKnownFileType = sourcecode.swift; path = PaymentAppTests.swift; sourceTree = "<group>"; };
		4C42EDC2279A3A3600C13DD4 /* Info.plist */ = {isa = PBXFileReference; lastKnownFileType = text.plist.xml; path = Info.plist; sourceTree = "<group>"; };
		4C42EDC7279A3A3600C13DD4 /* PaymentAppUITests.xctest */ = {isa = PBXFileReference; explicitFileType = wrapper.cfbundle; includeInIndex = 0; path = PaymentAppUITests.xctest; sourceTree = BUILT_PRODUCTS_DIR; };
		4C42EDCB279A3A3600C13DD4 /* PaymentAppUITests.swift */ = {isa = PBXFileReference; lastKnownFileType = sourcecode.swift; path = PaymentAppUITests.swift; sourceTree = "<group>"; };
		4C42EDCD279A3A3600C13DD4 /* Info.plist */ = {isa = PBXFileReference; lastKnownFileType = text.plist.xml; path = Info.plist; sourceTree = "<group>"; };
		4C42EDF2279A40AF00C13DD4 /* HomeViewModel.swift */ = {isa = PBXFileReference; lastKnownFileType = sourcecode.swift; path = HomeViewModel.swift; sourceTree = "<group>"; };
		4C42EDF7279A40B600C13DD4 /* HomeModel.swift */ = {isa = PBXFileReference; lastKnownFileType = sourcecode.swift; path = HomeModel.swift; sourceTree = "<group>"; };
		4C42EE03279A67DC00C13DD4 /* PaymentMethodView.swift */ = {isa = PBXFileReference; lastKnownFileType = sourcecode.swift; path = PaymentMethodView.swift; sourceTree = "<group>"; };
		4C42EE08279A682300C13DD4 /* PaymentMethodView.storyboard */ = {isa = PBXFileReference; lastKnownFileType = file.storyboard; path = PaymentMethodView.storyboard; sourceTree = "<group>"; };
		4C42EE0D279B46A700C13DD4 /* PaymentMethodViewModel.swift */ = {isa = PBXFileReference; lastKnownFileType = sourcecode.swift; path = PaymentMethodViewModel.swift; sourceTree = "<group>"; };
		4C42EE12279B46C700C13DD4 /* PaymentMethodModel.swift */ = {isa = PBXFileReference; lastKnownFileType = sourcecode.swift; path = PaymentMethodModel.swift; sourceTree = "<group>"; };
		4C42EE17279B48B000C13DD4 /* PaymentMethodViewCell.xib */ = {isa = PBXFileReference; lastKnownFileType = file.xib; path = PaymentMethodViewCell.xib; sourceTree = "<group>"; };
		4C42EE1F279B48D700C13DD4 /* PaymentMethodViewCell.swift */ = {isa = PBXFileReference; lastKnownFileType = sourcecode.swift; path = PaymentMethodViewCell.swift; sourceTree = "<group>"; };
/* End PBXFileReference section */

/* Begin PBXFrameworksBuildPhase section */
		4C42EDA3279A39EB00C13DD4 /* Frameworks */ = {
			isa = PBXFrameworksBuildPhase;
			buildActionMask = 2147483647;
			files = (
			);
			runOnlyForDeploymentPostprocessing = 0;
		};
		4C42EDB9279A3A3600C13DD4 /* Frameworks */ = {
			isa = PBXFrameworksBuildPhase;
			buildActionMask = 2147483647;
			files = (
			);
			runOnlyForDeploymentPostprocessing = 0;
		};
		4C42EDC4279A3A3600C13DD4 /* Frameworks */ = {
			isa = PBXFrameworksBuildPhase;
			buildActionMask = 2147483647;
			files = (
			);
			runOnlyForDeploymentPostprocessing = 0;
		};
/* End PBXFrameworksBuildPhase section */

/* Begin PBXGroup section */
		4C42ED9D279A39EB00C13DD4 = {
			isa = PBXGroup;
			children = (
				4C42EDA8279A39EC00C13DD4 /* PaymentApp */,
				4C42EDBF279A3A3600C13DD4 /* PaymentAppTests */,
				4C42EDCA279A3A3600C13DD4 /* PaymentAppUITests */,
				4C42EDA7279A39EB00C13DD4 /* Products */,
			);
			sourceTree = "<group>";
		};
		4C42EDA7279A39EB00C13DD4 /* Products */ = {
			isa = PBXGroup;
			children = (
				4C42EDA6279A39EB00C13DD4 /* PaymentApp.app */,
				4C42EDBC279A3A3600C13DD4 /* PaymentAppTests.xctest */,
				4C42EDC7279A3A3600C13DD4 /* PaymentAppUITests.xctest */,
			);
			name = Products;
			sourceTree = "<group>";
		};
		4C42EDA8279A39EC00C13DD4 /* PaymentApp */ = {
			isa = PBXGroup;
			children = (
				4C42EDDF279A3D6C00C13DD4 /* Global */,
				4C42EDE5279A3DDE00C13DD4 /* Home */,
				4C42EE02279A679F00C13DD4 /* PaymentMethod */,
			);
			path = PaymentApp;
			sourceTree = "<group>";
		};
		4C42EDBF279A3A3600C13DD4 /* PaymentAppTests */ = {
			isa = PBXGroup;
			children = (
				4C42EDC0279A3A3600C13DD4 /* PaymentAppTests.swift */,
				4C42EDC2279A3A3600C13DD4 /* Info.plist */,
			);
			path = PaymentAppTests;
			sourceTree = "<group>";
		};
		4C42EDCA279A3A3600C13DD4 /* PaymentAppUITests */ = {
			isa = PBXGroup;
			children = (
				4C42EDCB279A3A3600C13DD4 /* PaymentAppUITests.swift */,
				4C42EDCD279A3A3600C13DD4 /* Info.plist */,
			);
			path = PaymentAppUITests;
			sourceTree = "<group>";
		};
		4C42EDDF279A3D6C00C13DD4 /* Global */ = {
			isa = PBXGroup;
			children = (
				4C42EDB7279A3A3400C13DD4 /* Info.plist */,
				4C42EDE0279A3D8B00C13DD4 /* View */,
				4C42EDE1279A3DA100C13DD4 /* Controller */,
			);
			path = Global;
			sourceTree = "<group>";
		};
		4C42EDE0279A3D8B00C13DD4 /* View */ = {
			isa = PBXGroup;
			children = (
				4C42EDB2279A3A3400C13DD4 /* Assets.xcassets */,
				4C42EDB4279A3A3400C13DD4 /* LaunchScreen.storyboard */,
			);
			path = View;
			sourceTree = "<group>";
		};
		4C42EDE1279A3DA100C13DD4 /* Controller */ = {
			isa = PBXGroup;
			children = (
				4C42EDA9279A39EC00C13DD4 /* AppDelegate.swift */,
				4C42EDAB279A39EC00C13DD4 /* SceneDelegate.swift */,
			);
			path = Controller;
			sourceTree = "<group>";
		};
		4C42EDE5279A3DDE00C13DD4 /* Home */ = {
			isa = PBXGroup;
			children = (
				4C42EDAD279A39EC00C13DD4 /* HomeView.swift */,
				4C42EDAF279A39EC00C13DD4 /* HomeView.storyboard */,
				4C42EDF2279A40AF00C13DD4 /* HomeViewModel.swift */,
				4C42EDF7279A40B600C13DD4 /* HomeModel.swift */,
			);
			path = Home;
			sourceTree = "<group>";
		};
		4C42EE02279A679F00C13DD4 /* PaymentMethod */ = {
			isa = PBXGroup;
			children = (
				4C42EE03279A67DC00C13DD4 /* PaymentMethodView.swift */,
				4C42EE08279A682300C13DD4 /* PaymentMethodView.storyboard */,
				4C42EE0D279B46A700C13DD4 /* PaymentMethodViewModel.swift */,
				4C42EE12279B46C700C13DD4 /* PaymentMethodModel.swift */,
				4C42EE17279B48B000C13DD4 /* PaymentMethodViewCell.xib */,
				4C42EE1F279B48D700C13DD4 /* PaymentMethodViewCell.swift */,
			);
			path = PaymentMethod;
			sourceTree = "<group>";
		};
/* End PBXGroup section */

/* Begin PBXNativeTarget section */
		4C42EDA5279A39EB00C13DD4 /* PaymentApp */ = {
			isa = PBXNativeTarget;
			buildConfigurationList = 4C42EDD0279A3A3600C13DD4 /* Build configuration list for PBXNativeTarget "PaymentApp" */;
			buildPhases = (
				4C42EDA2279A39EB00C13DD4 /* Sources */,
				4C42EDA3279A39EB00C13DD4 /* Frameworks */,
				4C42EDA4279A39EB00C13DD4 /* Resources */,
			);
			buildRules = (
			);
			dependencies = (
			);
			name = PaymentApp;
			productName = PaymentApp;
			productReference = 4C42EDA6279A39EB00C13DD4 /* PaymentApp.app */;
			productType = "com.apple.product-type.application";
		};
		4C42EDBB279A3A3600C13DD4 /* PaymentAppTests */ = {
			isa = PBXNativeTarget;
			buildConfigurationList = 4C42EDD3279A3A3600C13DD4 /* Build configuration list for PBXNativeTarget "PaymentAppTests" */;
			buildPhases = (
				4C42EDB8279A3A3600C13DD4 /* Sources */,
				4C42EDB9279A3A3600C13DD4 /* Frameworks */,
				4C42EDBA279A3A3600C13DD4 /* Resources */,
			);
			buildRules = (
			);
			dependencies = (
				4C42EDBE279A3A3600C13DD4 /* PBXTargetDependency */,
			);
			name = PaymentAppTests;
			productName = PaymentAppTests;
			productReference = 4C42EDBC279A3A3600C13DD4 /* PaymentAppTests.xctest */;
			productType = "com.apple.product-type.bundle.unit-test";
		};
		4C42EDC6279A3A3600C13DD4 /* PaymentAppUITests */ = {
			isa = PBXNativeTarget;
			buildConfigurationList = 4C42EDD6279A3A3600C13DD4 /* Build configuration list for PBXNativeTarget "PaymentAppUITests" */;
			buildPhases = (
				4C42EDC3279A3A3600C13DD4 /* Sources */,
				4C42EDC4279A3A3600C13DD4 /* Frameworks */,
				4C42EDC5279A3A3600C13DD4 /* Resources */,
			);
			buildRules = (
			);
			dependencies = (
				4C42EDC9279A3A3600C13DD4 /* PBXTargetDependency */,
			);
			name = PaymentAppUITests;
			productName = PaymentAppUITests;
			productReference = 4C42EDC7279A3A3600C13DD4 /* PaymentAppUITests.xctest */;
			productType = "com.apple.product-type.bundle.ui-testing";
		};
/* End PBXNativeTarget section */

/* Begin PBXProject section */
		4C42ED9E279A39EB00C13DD4 /* Project object */ = {
			isa = PBXProject;
			attributes = {
				LastSwiftUpdateCheck = 1240;
				LastUpgradeCheck = 1240;
				TargetAttributes = {
					4C42EDA5279A39EB00C13DD4 = {
						CreatedOnToolsVersion = 12.4;
					};
					4C42EDBB279A3A3600C13DD4 = {
						CreatedOnToolsVersion = 12.4;
						TestTargetID = 4C42EDA5279A39EB00C13DD4;
					};
					4C42EDC6279A3A3600C13DD4 = {
						CreatedOnToolsVersion = 12.4;
						TestTargetID = 4C42EDA5279A39EB00C13DD4;
					};
				};
			};
			buildConfigurationList = 4C42EDA1279A39EB00C13DD4 /* Build configuration list for PBXProject "PaymentApp" */;
			compatibilityVersion = "Xcode 9.3";
			developmentRegion = en;
			hasScannedForEncodings = 0;
			knownRegions = (
				en,
				Base,
			);
			mainGroup = 4C42ED9D279A39EB00C13DD4;
			productRefGroup = 4C42EDA7279A39EB00C13DD4 /* Products */;
			projectDirPath = "";
			projectRoot = "";
			targets = (
				4C42EDA5279A39EB00C13DD4 /* PaymentApp */,
				4C42EDBB279A3A3600C13DD4 /* PaymentAppTests */,
				4C42EDC6279A3A3600C13DD4 /* PaymentAppUITests */,
			);
		};
/* End PBXProject section */

/* Begin PBXResourcesBuildPhase section */
		4C42EDA4279A39EB00C13DD4 /* Resources */ = {
			isa = PBXResourcesBuildPhase;
			buildActionMask = 2147483647;
			files = (
				4C42EE18279B48B000C13DD4 /* PaymentMethodViewCell.xib in Resources */,
				4C42EDB6279A3A3400C13DD4 /* LaunchScreen.storyboard in Resources */,
				4C42EE09279A682300C13DD4 /* PaymentMethodView.storyboard in Resources */,
				4C42EDB3279A3A3400C13DD4 /* Assets.xcassets in Resources */,
				4C42EDB1279A39EC00C13DD4 /* HomeView.storyboard in Resources */,
			);
			runOnlyForDeploymentPostprocessing = 0;
		};
		4C42EDBA279A3A3600C13DD4 /* Resources */ = {
			isa = PBXResourcesBuildPhase;
			buildActionMask = 2147483647;
			files = (
			);
			runOnlyForDeploymentPostprocessing = 0;
		};
		4C42EDC5279A3A3600C13DD4 /* Resources */ = {
			isa = PBXResourcesBuildPhase;
			buildActionMask = 2147483647;
			files = (
			);
			runOnlyForDeploymentPostprocessing = 0;
		};
/* End PBXResourcesBuildPhase section */

/* Begin PBXSourcesBuildPhase section */
		4C42EDA2279A39EB00C13DD4 /* Sources */ = {
			isa = PBXSourcesBuildPhase;
			buildActionMask = 2147483647;
			files = (
				4C42EDAE279A39EC00C13DD4 /* HomeView.swift in Sources */,
				4C42EDAA279A39EC00C13DD4 /* AppDelegate.swift in Sources */,
				4C42EDAC279A39EC00C13DD4 /* SceneDelegate.swift in Sources */,
				4C42EE13279B46C700C13DD4 /* PaymentMethodModel.swift in Sources */,
				4C42EDF8279A40B600C13DD4 /* HomeModel.swift in Sources */,
				4C42EE0E279B46A700C13DD4 /* PaymentMethodViewModel.swift in Sources */,
				4C42EE04279A67DC00C13DD4 /* PaymentMethodView.swift in Sources */,
				4C42EDF3279A40AF00C13DD4 /* HomeViewModel.swift in Sources */,
				4C42EE20279B48D700C13DD4 /* PaymentMethodViewCell.swift in Sources */,
			);
			runOnlyForDeploymentPostprocessing = 0;
		};
		4C42EDB8279A3A3600C13DD4 /* Sources */ = {
			isa = PBXSourcesBuildPhase;
			buildActionMask = 2147483647;
			files = (
				4C42EDC1279A3A3600C13DD4 /* PaymentAppTests.swift in Sources */,
			);
			runOnlyForDeploymentPostprocessing = 0;
		};
		4C42EDC3279A3A3600C13DD4 /* Sources */ = {
			isa = PBXSourcesBuildPhase;
			buildActionMask = 2147483647;
			files = (
				4C42EDCC279A3A3600C13DD4 /* PaymentAppUITests.swift in Sources */,
			);
			runOnlyForDeploymentPostprocessing = 0;
		};
/* End PBXSourcesBuildPhase section */

/* Begin PBXTargetDependency section */
		4C42EDBE279A3A3600C13DD4 /* PBXTargetDependency */ = {
			isa = PBXTargetDependency;
			target = 4C42EDA5279A39EB00C13DD4 /* PaymentApp */;
			targetProxy = 4C42EDBD279A3A3600C13DD4 /* PBXContainerItemProxy */;
		};
		4C42EDC9279A3A3600C13DD4 /* PBXTargetDependency */ = {
			isa = PBXTargetDependency;
			target = 4C42EDA5279A39EB00C13DD4 /* PaymentApp */;
			targetProxy = 4C42EDC8279A3A3600C13DD4 /* PBXContainerItemProxy */;
		};
/* End PBXTargetDependency section */

/* Begin PBXVariantGroup section */
		4C42EDAF279A39EC00C13DD4 /* HomeView.storyboard */ = {
			isa = PBXVariantGroup;
			children = (
				4C42EDB0279A39EC00C13DD4 /* Base */,
			);
			name = HomeView.storyboard;
			sourceTree = "<group>";
		};
		4C42EDB4279A3A3400C13DD4 /* LaunchScreen.storyboard */ = {
			isa = PBXVariantGroup;
			children = (
				4C42EDB5279A3A3400C13DD4 /* Base */,
			);
			name = LaunchScreen.storyboard;
			sourceTree = "<group>";
		};
/* End PBXVariantGroup section */

/* Begin XCBuildConfiguration section */
		4C42EDCE279A3A3600C13DD4 /* Debug */ = {
			isa = XCBuildConfiguration;
			buildSettings = {
				ALWAYS_SEARCH_USER_PATHS = NO;
				CLANG_ANALYZER_NONNULL = YES;
				CLANG_ANALYZER_NUMBER_OBJECT_CONVERSION = YES_AGGRESSIVE;
				CLANG_CXX_LANGUAGE_STANDARD = "gnu++14";
				CLANG_CXX_LIBRARY = "libc++";
				CLANG_ENABLE_MODULES = YES;
				CLANG_ENABLE_OBJC_ARC = YES;
				CLANG_ENABLE_OBJC_WEAK = YES;
				CLANG_WARN_BLOCK_CAPTURE_AUTORELEASING = YES;
				CLANG_WARN_BOOL_CONVERSION = YES;
				CLANG_WARN_COMMA = YES;
				CLANG_WARN_CONSTANT_CONVERSION = YES;
				CLANG_WARN_DEPRECATED_OBJC_IMPLEMENTATIONS = YES;
				CLANG_WARN_DIRECT_OBJC_ISA_USAGE = YES_ERROR;
				CLANG_WARN_DOCUMENTATION_COMMENTS = YES;
				CLANG_WARN_EMPTY_BODY = YES;
				CLANG_WARN_ENUM_CONVERSION = YES;
				CLANG_WARN_INFINITE_RECURSION = YES;
				CLANG_WARN_INT_CONVERSION = YES;
				CLANG_WARN_NON_LITERAL_NULL_CONVERSION = YES;
				CLANG_WARN_OBJC_IMPLICIT_RETAIN_SELF = YES;
				CLANG_WARN_OBJC_LITERAL_CONVERSION = YES;
				CLANG_WARN_OBJC_ROOT_CLASS = YES_ERROR;
				CLANG_WARN_QUOTED_INCLUDE_IN_FRAMEWORK_HEADER = YES;
				CLANG_WARN_RANGE_LOOP_ANALYSIS = YES;
				CLANG_WARN_STRICT_PROTOTYPES = YES;
				CLANG_WARN_SUSPICIOUS_MOVE = YES;
				CLANG_WARN_UNGUARDED_AVAILABILITY = YES_AGGRESSIVE;
				CLANG_WARN_UNREACHABLE_CODE = YES;
				CLANG_WARN__DUPLICATE_METHOD_MATCH = YES;
				COPY_PHASE_STRIP = NO;
				DEBUG_INFORMATION_FORMAT = dwarf;
				ENABLE_STRICT_OBJC_MSGSEND = YES;
				ENABLE_TESTABILITY = YES;
				GCC_C_LANGUAGE_STANDARD = gnu11;
				GCC_DYNAMIC_NO_PIC = NO;
				GCC_NO_COMMON_BLOCKS = YES;
				GCC_OPTIMIZATION_LEVEL = 0;
				GCC_PREPROCESSOR_DEFINITIONS = (
					"DEBUG=1",
					"$(inherited)",
				);
				GCC_WARN_64_TO_32_BIT_CONVERSION = YES;
				GCC_WARN_ABOUT_RETURN_TYPE = YES_ERROR;
				GCC_WARN_UNDECLARED_SELECTOR = YES;
				GCC_WARN_UNINITIALIZED_AUTOS = YES_AGGRESSIVE;
				GCC_WARN_UNUSED_FUNCTION = YES;
				GCC_WARN_UNUSED_VARIABLE = YES;
				IPHONEOS_DEPLOYMENT_TARGET = 14.4;
				MTL_ENABLE_DEBUG_INFO = INCLUDE_SOURCE;
				MTL_FAST_MATH = YES;
				ONLY_ACTIVE_ARCH = YES;
				SDKROOT = iphoneos;
				SWIFT_ACTIVE_COMPILATION_CONDITIONS = DEBUG;
				SWIFT_OPTIMIZATION_LEVEL = "-Onone";
			};
			name = Debug;
		};
		4C42EDCF279A3A3600C13DD4 /* Release */ = {
			isa = XCBuildConfiguration;
			buildSettings = {
				ALWAYS_SEARCH_USER_PATHS = NO;
				CLANG_ANALYZER_NONNULL = YES;
				CLANG_ANALYZER_NUMBER_OBJECT_CONVERSION = YES_AGGRESSIVE;
				CLANG_CXX_LANGUAGE_STANDARD = "gnu++14";
				CLANG_CXX_LIBRARY = "libc++";
				CLANG_ENABLE_MODULES = YES;
				CLANG_ENABLE_OBJC_ARC = YES;
				CLANG_ENABLE_OBJC_WEAK = YES;
				CLANG_WARN_BLOCK_CAPTURE_AUTORELEASING = YES;
				CLANG_WARN_BOOL_CONVERSION = YES;
				CLANG_WARN_COMMA = YES;
				CLANG_WARN_CONSTANT_CONVERSION = YES;
				CLANG_WARN_DEPRECATED_OBJC_IMPLEMENTATIONS = YES;
				CLANG_WARN_DIRECT_OBJC_ISA_USAGE = YES_ERROR;
				CLANG_WARN_DOCUMENTATION_COMMENTS = YES;
				CLANG_WARN_EMPTY_BODY = YES;
				CLANG_WARN_ENUM_CONVERSION = YES;
				CLANG_WARN_INFINITE_RECURSION = YES;
				CLANG_WARN_INT_CONVERSION = YES;
				CLANG_WARN_NON_LITERAL_NULL_CONVERSION = YES;
				CLANG_WARN_OBJC_IMPLICIT_RETAIN_SELF = YES;
				CLANG_WARN_OBJC_LITERAL_CONVERSION = YES;
				CLANG_WARN_OBJC_ROOT_CLASS = YES_ERROR;
				CLANG_WARN_QUOTED_INCLUDE_IN_FRAMEWORK_HEADER = YES;
				CLANG_WARN_RANGE_LOOP_ANALYSIS = YES;
				CLANG_WARN_STRICT_PROTOTYPES = YES;
				CLANG_WARN_SUSPICIOUS_MOVE = YES;
				CLANG_WARN_UNGUARDED_AVAILABILITY = YES_AGGRESSIVE;
				CLANG_WARN_UNREACHABLE_CODE = YES;
				CLANG_WARN__DUPLICATE_METHOD_MATCH = YES;
				COPY_PHASE_STRIP = NO;
				DEBUG_INFORMATION_FORMAT = "dwarf-with-dsym";
				ENABLE_NS_ASSERTIONS = NO;
				ENABLE_STRICT_OBJC_MSGSEND = YES;
				GCC_C_LANGUAGE_STANDARD = gnu11;
				GCC_NO_COMMON_BLOCKS = YES;
				GCC_WARN_64_TO_32_BIT_CONVERSION = YES;
				GCC_WARN_ABOUT_RETURN_TYPE = YES_ERROR;
				GCC_WARN_UNDECLARED_SELECTOR = YES;
				GCC_WARN_UNINITIALIZED_AUTOS = YES_AGGRESSIVE;
				GCC_WARN_UNUSED_FUNCTION = YES;
				GCC_WARN_UNUSED_VARIABLE = YES;
				IPHONEOS_DEPLOYMENT_TARGET = 14.4;
				MTL_ENABLE_DEBUG_INFO = NO;
				MTL_FAST_MATH = YES;
				SDKROOT = iphoneos;
				SWIFT_COMPILATION_MODE = wholemodule;
				SWIFT_OPTIMIZATION_LEVEL = "-O";
				VALIDATE_PRODUCT = YES;
			};
			name = Release;
		};
		4C42EDD1279A3A3600C13DD4 /* Debug */ = {
			isa = XCBuildConfiguration;
			buildSettings = {
				ASSETCATALOG_COMPILER_APPICON_NAME = AppIcon;
				ASSETCATALOG_COMPILER_GLOBAL_ACCENT_COLOR_NAME = AccentColor;
				CODE_SIGN_STYLE = Automatic;
				DEVELOPMENT_TEAM = 3G89JX3W47;
				INFOPLIST_FILE = PaymentApp/Global/Info.plist;
				LD_RUNPATH_SEARCH_PATHS = (
					"$(inherited)",
					"@executable_path/Frameworks",
				);
				PRODUCT_BUNDLE_IDENTIFIER = com.eduardo.PaymentApp;
				PRODUCT_NAME = "$(TARGET_NAME)";
				SWIFT_VERSION = 5.0;
				TARGETED_DEVICE_FAMILY = "1,2";
			};
			name = Debug;
		};
		4C42EDD2279A3A3600C13DD4 /* Release */ = {
			isa = XCBuildConfiguration;
			buildSettings = {
				ASSETCATALOG_COMPILER_APPICON_NAME = AppIcon;
				ASSETCATALOG_COMPILER_GLOBAL_ACCENT_COLOR_NAME = AccentColor;
				CODE_SIGN_STYLE = Automatic;
				DEVELOPMENT_TEAM = 3G89JX3W47;
				INFOPLIST_FILE = PaymentApp/Global/Info.plist;
				LD_RUNPATH_SEARCH_PATHS = (
					"$(inherited)",
					"@executable_path/Frameworks",
				);
				PRODUCT_BUNDLE_IDENTIFIER = com.eduardo.PaymentApp;
				PRODUCT_NAME = "$(TARGET_NAME)";
				SWIFT_VERSION = 5.0;
				TARGETED_DEVICE_FAMILY = "1,2";
			};
			name = Release;
		};
		4C42EDD4279A3A3600C13DD4 /* Debug */ = {
			isa = XCBuildConfiguration;
			buildSettings = {
				ALWAYS_EMBED_SWIFT_STANDARD_LIBRARIES = YES;
				BUNDLE_LOADER = "$(TEST_HOST)";
				CODE_SIGN_STYLE = Automatic;
				DEVELOPMENT_TEAM = 3G89JX3W47;
				INFOPLIST_FILE = PaymentAppTests/Info.plist;
				IPHONEOS_DEPLOYMENT_TARGET = 14.4;
				LD_RUNPATH_SEARCH_PATHS = (
					"$(inherited)",
					"@executable_path/Frameworks",
					"@loader_path/Frameworks",
				);
				PRODUCT_BUNDLE_IDENTIFIER = com.eduardo.PaymentAppTests;
				PRODUCT_NAME = "$(TARGET_NAME)";
				SWIFT_VERSION = 5.0;
				TARGETED_DEVICE_FAMILY = "1,2";
				TEST_HOST = "$(BUILT_PRODUCTS_DIR)/PaymentApp.app/PaymentApp";
			};
			name = Debug;
		};
		4C42EDD5279A3A3600C13DD4 /* Release */ = {
			isa = XCBuildConfiguration;
			buildSettings = {
				ALWAYS_EMBED_SWIFT_STANDARD_LIBRARIES = YES;
				BUNDLE_LOADER = "$(TEST_HOST)";
				CODE_SIGN_STYLE = Automatic;
				DEVELOPMENT_TEAM = 3G89JX3W47;
				INFOPLIST_FILE = PaymentAppTests/Info.plist;
				IPHONEOS_DEPLOYMENT_TARGET = 14.4;
				LD_RUNPATH_SEARCH_PATHS = (
					"$(inherited)",
					"@executable_path/Frameworks",
					"@loader_path/Frameworks",
				);
				PRODUCT_BUNDLE_IDENTIFIER = com.eduardo.PaymentAppTests;
				PRODUCT_NAME = "$(TARGET_NAME)";
				SWIFT_VERSION = 5.0;
				TARGETED_DEVICE_FAMILY = "1,2";
				TEST_HOST = "$(BUILT_PRODUCTS_DIR)/PaymentApp.app/PaymentApp";
			};
			name = Release;
		};
		4C42EDD7279A3A3600C13DD4 /* Debug */ = {
			isa = XCBuildConfiguration;
			buildSettings = {
				ALWAYS_EMBED_SWIFT_STANDARD_LIBRARIES = YES;
				CODE_SIGN_STYLE = Automatic;
				DEVELOPMENT_TEAM = 3G89JX3W47;
				INFOPLIST_FILE = PaymentAppUITests/Info.plist;
				LD_RUNPATH_SEARCH_PATHS = (
					"$(inherited)",
					"@executable_path/Frameworks",
					"@loader_path/Frameworks",
				);
				PRODUCT_BUNDLE_IDENTIFIER = com.eduardo.PaymentAppUITests;
				PRODUCT_NAME = "$(TARGET_NAME)";
				SWIFT_VERSION = 5.0;
				TARGETED_DEVICE_FAMILY = "1,2";
				TEST_TARGET_NAME = PaymentApp;
			};
			name = Debug;
		};
		4C42EDD8279A3A3600C13DD4 /* Release */ = {
			isa = XCBuildConfiguration;
			buildSettings = {
				ALWAYS_EMBED_SWIFT_STANDARD_LIBRARIES = YES;
				CODE_SIGN_STYLE = Automatic;
				DEVELOPMENT_TEAM = 3G89JX3W47;
				INFOPLIST_FILE = PaymentAppUITests/Info.plist;
				LD_RUNPATH_SEARCH_PATHS = (
					"$(inherited)",
					"@executable_path/Frameworks",
					"@loader_path/Frameworks",
				);
				PRODUCT_BUNDLE_IDENTIFIER = com.eduardo.PaymentAppUITests;
				PRODUCT_NAME = "$(TARGET_NAME)";
				SWIFT_VERSION = 5.0;
				TARGETED_DEVICE_FAMILY = "1,2";
				TEST_TARGET_NAME = PaymentApp;
			};
			name = Release;
		};
/* End XCBuildConfiguration section */

/* Begin XCConfigurationList section */
		4C42EDA1279A39EB00C13DD4 /* Build configuration list for PBXProject "PaymentApp" */ = {
			isa = XCConfigurationList;
			buildConfigurations = (
				4C42EDCE279A3A3600C13DD4 /* Debug */,
				4C42EDCF279A3A3600C13DD4 /* Release */,
			);
			defaultConfigurationIsVisible = 0;
			defaultConfigurationName = Release;
		};
		4C42EDD0279A3A3600C13DD4 /* Build configuration list for PBXNativeTarget "PaymentApp" */ = {
			isa = XCConfigurationList;
			buildConfigurations = (
				4C42EDD1279A3A3600C13DD4 /* Debug */,
				4C42EDD2279A3A3600C13DD4 /* Release */,
			);
			defaultConfigurationIsVisible = 0;
			defaultConfigurationName = Release;
		};
		4C42EDD3279A3A3600C13DD4 /* Build configuration list for PBXNativeTarget "PaymentAppTests" */ = {
			isa = XCConfigurationList;
			buildConfigurations = (
				4C42EDD4279A3A3600C13DD4 /* Debug */,
				4C42EDD5279A3A3600C13DD4 /* Release */,
			);
			defaultConfigurationIsVisible = 0;
			defaultConfigurationName = Release;
		};
		4C42EDD6279A3A3600C13DD4 /* Build configuration list for PBXNativeTarget "PaymentAppUITests" */ = {
			isa = XCConfigurationList;
			buildConfigurations = (
				4C42EDD7279A3A3600C13DD4 /* Debug */,
				4C42EDD8279A3A3600C13DD4 /* Release */,
			);
			defaultConfigurationIsVisible = 0;
			defaultConfigurationName = Release;
		};
/* End XCConfigurationList section */
	};
	rootObject = 4C42ED9E279A39EB00C13DD4 /* Project object */;
}
